
Microsoft Visual Studio Solution File, Format Version 12.00
# Visual Studio Version 16
VisualStudioVersion = 16.0.30717.126
MinimumVisualStudioVersion = 10.0.40219.1
Project("{2150E333-8FDC-42A3-9474-1A3956D46DE8}") = "Platforms", "Platforms", "{B63352B4-4FB0-4BD4-802F-3E40357EF5E0}"
EndProject
Project("{FAE04EC0-301F-11D3-BF4B-00C04F79EFBC}") = "Uno.Validation.UWP", "Uno.Validation\Uno.Validation.UWP\Uno.Validation.UWP.csproj", "{4A4D051C-CB82-479B-829F-B28E15D4D267}"
EndProject
Project("{9A19103F-16F7-4668-BE54-9A1E7A4F7556}") = "Uno.Validation.Wasm", "Uno.Validation\Uno.Validation.Wasm\Uno.Validation.Wasm.csproj", "{DB1A77AA-DFDD-4F39-961C-BF34EFEC879E}"
EndProject
Project("{D954291E-2A0B-460D-934E-DC6B0785DB48}") = "Uno.Validation.Shared", "Uno.Validation\Uno.Validation.Shared\Uno.Validation.Shared.shproj", "{6279C845-92F8-4333-AB99-3D213163593C}"
EndProject
Global
	GlobalSection(SharedMSBuildProjectFiles) = preSolution
		Uno.Validation\Uno.Validation.Shared\Uno.Validation.Shared.projitems*{4a4d051c-cb82-479b-829f-b28e15d4d267}*SharedItemsImports = 4
		Uno.Validation\Uno.Validation.Shared\Uno.Validation.Shared.projitems*{6279c845-92f8-4333-ab99-3d213163593c}*SharedItemsImports = 13
		Uno.Validation\Uno.Validation.Shared\Uno.Validation.Shared.projitems*{db1a77aa-dfdd-4f39-961c-bf34efec879e}*SharedItemsImports = 5
	EndGlobalSection
	GlobalSection(SolutionConfigurationPlatforms) = preSolution
		Ad-Hoc|Any CPU = Ad-Hoc|Any CPU
		Ad-Hoc|ARM = Ad-Hoc|ARM
		Ad-Hoc|ARM64 = Ad-Hoc|ARM64
		Ad-Hoc|iPhone = Ad-Hoc|iPhone
		Ad-Hoc|iPhoneSimulator = Ad-Hoc|iPhoneSimulator
		Ad-Hoc|x64 = Ad-Hoc|x64
		Ad-Hoc|x86 = Ad-Hoc|x86
		AppStore|Any CPU = AppStore|Any CPU
		AppStore|ARM = AppStore|ARM
		AppStore|ARM64 = AppStore|ARM64
		AppStore|iPhone = AppStore|iPhone
		AppStore|iPhoneSimulator = AppStore|iPhoneSimulator
		AppStore|x64 = AppStore|x64
		AppStore|x86 = AppStore|x86
		Debug|Any CPU = Debug|Any CPU
		Debug|ARM = Debug|ARM
		Debug|ARM64 = Debug|ARM64
		Debug|iPhone = Debug|iPhone
		Debug|iPhoneSimulator = Debug|iPhoneSimulator
		Debug|x64 = Debug|x64
		Debug|x86 = Debug|x86
		Release|Any CPU = Release|Any CPU
		Release|ARM = Release|ARM
		Release|ARM64 = Release|ARM64
		Release|iPhone = Release|iPhone
		Release|iPhoneSimulator = Release|iPhoneSimulator
		Release|x64 = Release|x64
		Release|x86 = Release|x86
	EndGlobalSection
	GlobalSection(ProjectConfigurationPlatforms) = postSolution
		{4A4D051C-CB82-479B-829F-B28E15D4D267}.Ad-Hoc|Any CPU.ActiveCfg = Debug|x86
		{4A4D051C-CB82-479B-829F-B28E15D4D267}.Ad-Hoc|Any CPU.Build.0 = Debug|x86
		{4A4D051C-CB82-479B-829F-B28E15D4D267}.Ad-Hoc|Any CPU.Deploy.0 = Debug|x86
		{4A4D051C-CB82-479B-829F-B28E15D4D267}.Ad-Hoc|ARM.ActiveCfg = Debug|ARM
		{4A4D051C-CB82-479B-829F-B28E15D4D267}.Ad-Hoc|ARM.Build.0 = Debug|ARM
		{4A4D051C-CB82-479B-829F-B28E15D4D267}.Ad-Hoc|ARM.Deploy.0 = Debug|ARM
		{4A4D051C-CB82-479B-829F-B28E15D4D267}.Ad-Hoc|ARM64.ActiveCfg = Debug|ARM64
		{4A4D051C-CB82-479B-829F-B28E15D4D267}.Ad-Hoc|ARM64.Build.0 = Debug|ARM64
		{4A4D051C-CB82-479B-829F-B28E15D4D267}.Ad-Hoc|ARM64.Deploy.0 = Debug|ARM64
		{4A4D051C-CB82-479B-829F-B28E15D4D267}.Ad-Hoc|iPhone.ActiveCfg = Debug|x86
		{4A4D051C-CB82-479B-829F-B28E15D4D267}.Ad-Hoc|iPhone.Build.0 = Debug|x86
		{4A4D051C-CB82-479B-829F-B28E15D4D267}.Ad-Hoc|iPhone.Deploy.0 = Debug|x86
		{4A4D051C-CB82-479B-829F-B28E15D4D267}.Ad-Hoc|iPhoneSimulator.ActiveCfg = Debug|x86
		{4A4D051C-CB82-479B-829F-B28E15D4D267}.Ad-Hoc|iPhoneSimulator.Build.0 = Debug|x86
		{4A4D051C-CB82-479B-829F-B28E15D4D267}.Ad-Hoc|iPhoneSimulator.Deploy.0 = Debug|x86
		{4A4D051C-CB82-479B-829F-B28E15D4D267}.Ad-Hoc|x64.ActiveCfg = Debug|x64
		{4A4D051C-CB82-479B-829F-B28E15D4D267}.Ad-Hoc|x64.Build.0 = Debug|x64
		{4A4D051C-CB82-479B-829F-B28E15D4D267}.Ad-Hoc|x64.Deploy.0 = Debug|x64
		{4A4D051C-CB82-479B-829F-B28E15D4D267}.Ad-Hoc|x86.ActiveCfg = Debug|x86
		{4A4D051C-CB82-479B-829F-B28E15D4D267}.Ad-Hoc|x86.Build.0 = Debug|x86
		{4A4D051C-CB82-479B-829F-B28E15D4D267}.Ad-Hoc|x86.Deploy.0 = Debug|x86
		{4A4D051C-CB82-479B-829F-B28E15D4D267}.AppStore|Any CPU.ActiveCfg = Debug|x86
		{4A4D051C-CB82-479B-829F-B28E15D4D267}.AppStore|Any CPU.Build.0 = Debug|x86
		{4A4D051C-CB82-479B-829F-B28E15D4D267}.AppStore|Any CPU.Deploy.0 = Debug|x86
		{4A4D051C-CB82-479B-829F-B28E15D4D267}.AppStore|ARM.ActiveCfg = Debug|ARM
		{4A4D051C-CB82-479B-829F-B28E15D4D267}.AppStore|ARM.Build.0 = Debug|ARM
		{4A4D051C-CB82-479B-829F-B28E15D4D267}.AppStore|ARM.Deploy.0 = Debug|ARM
		{4A4D051C-CB82-479B-829F-B28E15D4D267}.AppStore|ARM64.ActiveCfg = Debug|ARM64
		{4A4D051C-CB82-479B-829F-B28E15D4D267}.AppStore|ARM64.Build.0 = Debug|ARM64
		{4A4D051C-CB82-479B-829F-B28E15D4D267}.AppStore|ARM64.Deploy.0 = Debug|ARM64
		{4A4D051C-CB82-479B-829F-B28E15D4D267}.AppStore|iPhone.ActiveCfg = Debug|x86
		{4A4D051C-CB82-479B-829F-B28E15D4D267}.AppStore|iPhone.Build.0 = Debug|x86
		{4A4D051C-CB82-479B-829F-B28E15D4D267}.AppStore|iPhone.Deploy.0 = Debug|x86
		{4A4D051C-CB82-479B-829F-B28E15D4D267}.AppStore|iPhoneSimulator.ActiveCfg = Debug|x86
		{4A4D051C-CB82-479B-829F-B28E15D4D267}.AppStore|iPhoneSimulator.Build.0 = Debug|x86
		{4A4D051C-CB82-479B-829F-B28E15D4D267}.AppStore|iPhoneSimulator.Deploy.0 = Debug|x86
		{4A4D051C-CB82-479B-829F-B28E15D4D267}.AppStore|x64.ActiveCfg = Debug|x64
		{4A4D051C-CB82-479B-829F-B28E15D4D267}.AppStore|x64.Build.0 = Debug|x64
		{4A4D051C-CB82-479B-829F-B28E15D4D267}.AppStore|x64.Deploy.0 = Debug|x64
		{4A4D051C-CB82-479B-829F-B28E15D4D267}.AppStore|x86.ActiveCfg = Debug|x86
		{4A4D051C-CB82-479B-829F-B28E15D4D267}.AppStore|x86.Build.0 = Debug|x86
		{4A4D051C-CB82-479B-829F-B28E15D4D267}.AppStore|x86.Deploy.0 = Debug|x86
		{4A4D051C-CB82-479B-829F-B28E15D4D267}.Debug|Any CPU.ActiveCfg = Debug|x86
		{4A4D051C-CB82-479B-829F-B28E15D4D267}.Debug|Any CPU.Build.0 = Debug|x86
		{4A4D051C-CB82-479B-829F-B28E15D4D267}.Debug|Any CPU.Deploy.0 = Debug|x86
		{4A4D051C-CB82-479B-829F-B28E15D4D267}.Debug|ARM.ActiveCfg = Debug|ARM
		{4A4D051C-CB82-479B-829F-B28E15D4D267}.Debug|ARM.Build.0 = Debug|ARM
		{4A4D051C-CB82-479B-829F-B28E15D4D267}.Debug|ARM.Deploy.0 = Debug|ARM
		{4A4D051C-CB82-479B-829F-B28E15D4D267}.Debug|ARM64.ActiveCfg = Debug|ARM64
		{4A4D051C-CB82-479B-829F-B28E15D4D267}.Debug|ARM64.Build.0 = Debug|ARM64
		{4A4D051C-CB82-479B-829F-B28E15D4D267}.Debug|ARM64.Deploy.0 = Debug|ARM64
		{4A4D051C-CB82-479B-829F-B28E15D4D267}.Debug|iPhone.ActiveCfg = Debug|x86
		{4A4D051C-CB82-479B-829F-B28E15D4D267}.Debug|iPhoneSimulator.ActiveCfg = Debug|x86
		{4A4D051C-CB82-479B-829F-B28E15D4D267}.Debug|x64.ActiveCfg = Debug|x64
		{4A4D051C-CB82-479B-829F-B28E15D4D267}.Debug|x64.Build.0 = Debug|x64
		{4A4D051C-CB82-479B-829F-B28E15D4D267}.Debug|x64.Deploy.0 = Debug|x64
		{4A4D051C-CB82-479B-829F-B28E15D4D267}.Debug|x86.ActiveCfg = Debug|x86
		{4A4D051C-CB82-479B-829F-B28E15D4D267}.Debug|x86.Build.0 = Debug|x86
		{4A4D051C-CB82-479B-829F-B28E15D4D267}.Debug|x86.Deploy.0 = Debug|x86
		{4A4D051C-CB82-479B-829F-B28E15D4D267}.Release|Any CPU.ActiveCfg = Release|x86
		{4A4D051C-CB82-479B-829F-B28E15D4D267}.Release|ARM.ActiveCfg = Release|ARM
		{4A4D051C-CB82-479B-829F-B28E15D4D267}.Release|ARM.Build.0 = Release|ARM
		{4A4D051C-CB82-479B-829F-B28E15D4D267}.Release|ARM.Deploy.0 = Release|ARM
		{4A4D051C-CB82-479B-829F-B28E15D4D267}.Release|ARM64.ActiveCfg = Release|ARM64
		{4A4D051C-CB82-479B-829F-B28E15D4D267}.Release|ARM64.Build.0 = Release|ARM64
		{4A4D051C-CB82-479B-829F-B28E15D4D267}.Release|ARM64.Deploy.0 = Release|ARM64
		{4A4D051C-CB82-479B-829F-B28E15D4D267}.Release|iPhone.ActiveCfg = Release|x86
		{4A4D051C-CB82-479B-829F-B28E15D4D267}.Release|iPhoneSimulator.ActiveCfg = Release|x86
		{4A4D051C-CB82-479B-829F-B28E15D4D267}.Release|x64.ActiveCfg = Release|x64
		{4A4D051C-CB82-479B-829F-B28E15D4D267}.Release|x64.Build.0 = Release|x64
		{4A4D051C-CB82-479B-829F-B28E15D4D267}.Release|x64.Deploy.0 = Release|x64
		{4A4D051C-CB82-479B-829F-B28E15D4D267}.Release|x86.ActiveCfg = Release|x86
		{4A4D051C-CB82-479B-829F-B28E15D4D267}.Release|x86.Build.0 = Release|x86
		{4A4D051C-CB82-479B-829F-B28E15D4D267}.Release|x86.Deploy.0 = Release|x86
		{DB1A77AA-DFDD-4F39-961C-BF34EFEC879E}.Ad-Hoc|Any CPU.ActiveCfg = Debug|Any CPU
		{DB1A77AA-DFDD-4F39-961C-BF34EFEC879E}.Ad-Hoc|Any CPU.Build.0 = Debug|Any CPU
		{DB1A77AA-DFDD-4F39-961C-BF34EFEC879E}.Ad-Hoc|ARM.ActiveCfg = Debug|Any CPU
		{DB1A77AA-DFDD-4F39-961C-BF34EFEC879E}.Ad-Hoc|ARM.Build.0 = Debug|Any CPU
		{DB1A77AA-DFDD-4F39-961C-BF34EFEC879E}.Ad-Hoc|ARM64.ActiveCfg = Debug|Any CPU
		{DB1A77AA-DFDD-4F39-961C-BF34EFEC879E}.Ad-Hoc|ARM64.Build.0 = Debug|Any CPU
		{DB1A77AA-DFDD-4F39-961C-BF34EFEC879E}.Ad-Hoc|iPhone.ActiveCfg = Debug|Any CPU
		{DB1A77AA-DFDD-4F39-961C-BF34EFEC879E}.Ad-Hoc|iPhone.Build.0 = Debug|Any CPU
		{DB1A77AA-DFDD-4F39-961C-BF34EFEC879E}.Ad-Hoc|iPhoneSimulator.ActiveCfg = Debug|Any CPU
		{DB1A77AA-DFDD-4F39-961C-BF34EFEC879E}.Ad-Hoc|iPhoneSimulator.Build.0 = Debug|Any CPU
		{DB1A77AA-DFDD-4F39-961C-BF34EFEC879E}.Ad-Hoc|x64.ActiveCfg = Debug|Any CPU
		{DB1A77AA-DFDD-4F39-961C-BF34EFEC879E}.Ad-Hoc|x64.Build.0 = Debug|Any CPU
		{DB1A77AA-DFDD-4F39-961C-BF34EFEC879E}.Ad-Hoc|x86.ActiveCfg = Debug|Any CPU
		{DB1A77AA-DFDD-4F39-961C-BF34EFEC879E}.Ad-Hoc|x86.Build.0 = Debug|Any CPU
		{DB1A77AA-DFDD-4F39-961C-BF34EFEC879E}.AppStore|Any CPU.ActiveCfg = Debug|Any CPU
		{DB1A77AA-DFDD-4F39-961C-BF34EFEC879E}.AppStore|Any CPU.Build.0 = Debug|Any CPU
		{DB1A77AA-DFDD-4F39-961C-BF34EFEC879E}.AppStore|ARM.ActiveCfg = Debug|Any CPU
		{DB1A77AA-DFDD-4F39-961C-BF34EFEC879E}.AppStore|ARM.Build.0 = Debug|Any CPU
		{DB1A77AA-DFDD-4F39-961C-BF34EFEC879E}.AppStore|ARM64.ActiveCfg = Debug|Any CPU
		{DB1A77AA-DFDD-4F39-961C-BF34EFEC879E}.AppStore|ARM64.Build.0 = Debug|Any CPU
		{DB1A77AA-DFDD-4F39-961C-BF34EFEC879E}.AppStore|iPhone.ActiveCfg = Debug|Any CPU
		{DB1A77AA-DFDD-4F39-961C-BF34EFEC879E}.AppStore|iPhone.Build.0 = Debug|Any CPU
		{DB1A77AA-DFDD-4F39-961C-BF34EFEC879E}.AppStore|iPhoneSimulator.ActiveCfg = Debug|Any CPU
		{DB1A77AA-DFDD-4F39-961C-BF34EFEC879E}.AppStore|iPhoneSimulator.Build.0 = Debug|Any CPU
		{DB1A77AA-DFDD-4F39-961C-BF34EFEC879E}.AppStore|x64.ActiveCfg = Debug|Any CPU
		{DB1A77AA-DFDD-4F39-961C-BF34EFEC879E}.AppStore|x64.Build.0 = Debug|Any CPU
		{DB1A77AA-DFDD-4F39-961C-BF34EFEC879E}.AppStore|x86.ActiveCfg = Debug|Any CPU
		{DB1A77AA-DFDD-4F39-961C-BF34EFEC879E}.AppStore|x86.Build.0 = Debug|Any CPU
		{DB1A77AA-DFDD-4F39-961C-BF34EFEC879E}.Debug|Any CPU.ActiveCfg = Debug|Any CPU
		{DB1A77AA-DFDD-4F39-961C-BF34EFEC879E}.Debug|Any CPU.Build.0 = Debug|Any CPU
		{DB1A77AA-DFDD-4F39-961C-BF34EFEC879E}.Debug|ARM.ActiveCfg = Debug|Any CPU
		{DB1A77AA-DFDD-4F39-961C-BF34EFEC879E}.Debug|ARM.Build.0 = Debug|Any CPU
		{DB1A77AA-DFDD-4F39-961C-BF34EFEC879E}.Debug|ARM64.ActiveCfg = Debug|Any CPU
		{DB1A77AA-DFDD-4F39-961C-BF34EFEC879E}.Debug|ARM64.Build.0 = Debug|Any CPU
		{DB1A77AA-DFDD-4F39-961C-BF34EFEC879E}.Debug|iPhone.ActiveCfg = Debug|Any CPU
		{DB1A77AA-DFDD-4F39-961C-BF34EFEC879E}.Debug|iPhone.Build.0 = Debug|Any CPU
		{DB1A77AA-DFDD-4F39-961C-BF34EFEC879E}.Debug|iPhoneSimulator.ActiveCfg = Debug|Any CPU
		{DB1A77AA-DFDD-4F39-961C-BF34EFEC879E}.Debug|iPhoneSimulator.Build.0 = Debug|Any CPU
		{DB1A77AA-DFDD-4F39-961C-BF34EFEC879E}.Debug|x64.ActiveCfg = Debug|Any CPU
		{DB1A77AA-DFDD-4F39-961C-BF34EFEC879E}.Debug|x64.Build.0 = Debug|Any CPU
		{DB1A77AA-DFDD-4F39-961C-BF34EFEC879E}.Debug|x86.ActiveCfg = Debug|Any CPU
		{DB1A77AA-DFDD-4F39-961C-BF34EFEC879E}.Debug|x86.Build.0 = Debug|Any CPU
		{DB1A77AA-DFDD-4F39-961C-BF34EFEC879E}.Release|Any CPU.ActiveCfg = Release|Any CPU
		{DB1A77AA-DFDD-4F39-961C-BF34EFEC879E}.Release|Any CPU.Build.0 = Release|Any CPU
		{DB1A77AA-DFDD-4F39-961C-BF34EFEC879E}.Release|ARM.ActiveCfg = Release|Any CPU
		{DB1A77AA-DFDD-4F39-961C-BF34EFEC879E}.Release|ARM.Build.0 = Release|Any CPU
		{DB1A77AA-DFDD-4F39-961C-BF34EFEC879E}.Release|ARM64.ActiveCfg = Release|Any CPU
		{DB1A77AA-DFDD-4F39-961C-BF34EFEC879E}.Release|ARM64.Build.0 = Release|Any CPU
		{DB1A77AA-DFDD-4F39-961C-BF34EFEC879E}.Release|iPhone.ActiveCfg = Release|Any CPU
		{DB1A77AA-DFDD-4F39-961C-BF34EFEC879E}.Release|iPhone.Build.0 = Release|Any CPU
		{DB1A77AA-DFDD-4F39-961C-BF34EFEC879E}.Release|iPhoneSimulator.ActiveCfg = Release|Any CPU
		{DB1A77AA-DFDD-4F39-961C-BF34EFEC879E}.Release|iPhoneSimulator.Build.0 = Release|Any CPU
		{DB1A77AA-DFDD-4F39-961C-BF34EFEC879E}.Release|x64.ActiveCfg = Release|Any CPU
		{DB1A77AA-DFDD-4F39-961C-BF34EFEC879E}.Release|x64.Build.0 = Release|Any CPU
		{DB1A77AA-DFDD-4F39-961C-BF34EFEC879E}.Release|x86.ActiveCfg = Release|Any CPU
		{DB1A77AA-DFDD-4F39-961C-BF34EFEC879E}.Release|x86.Build.0 = Release|Any CPU
	EndGlobalSection
	GlobalSection(SolutionProperties) = preSolution
		HideSolutionNode = FALSE
	EndGlobalSection
	GlobalSection(NestedProjects) = preSolution
		{4A4D051C-CB82-479B-829F-B28E15D4D267} = {B63352B4-4FB0-4BD4-802F-3E40357EF5E0}
		{DB1A77AA-DFDD-4F39-961C-BF34EFEC879E} = {B63352B4-4FB0-4BD4-802F-3E40357EF5E0}
	EndGlobalSection
	GlobalSection(ExtensibilityGlobals) = postSolution
		SolutionGuid = {36B1F633-420B-4FDA-9A62-8872CEDBD340}
	EndGlobalSection
EndGlobal
