
Microsoft Visual Studio Solution File, Format Version 12.00
# Visual Studio Version 16
VisualStudioVersion = 16.0.30717.126
MinimumVisualStudioVersion = 10.0.40219.1
Project("{2150E333-8FDC-42A3-9474-1A3956D46DE8}") = "Platforms", "Platforms", "{B63352B4-4FB0-4BD4-802F-3E40357EF5E0}"
EndProject
Project("{FAE04EC0-301F-11D3-BF4B-00C04F79EFBC}") = "Uno.Validation.Droid", "Uno.Validation\Uno.Validation.Droid\Uno.Validation.Droid.csproj", "{46E1E734-BCD9-4FD2-B05D-C5B96A94CA5C}"
EndProject
Project("{FAE04EC0-301F-11D3-BF4B-00C04F79EFBC}") = "Uno.Validation.iOS", "Uno.Validation\Uno.Validation.iOS\Uno.Validation.iOS.csproj", "{9DA9B925-87F4-4E7D-ADCE-71B18D56E1A8}"
EndProject
Project("{FAE04EC0-301F-11D3-BF4B-00C04F79EFBC}") = "Uno.Validation.UWP", "Uno.Validation\Uno.Validation.UWP\Uno.Validation.UWP.csproj", "{4A4D051C-CB82-479B-829F-B28E15D4D267}"
EndProject
Project("{9A19103F-16F7-4668-BE54-9A1E7A4F7556}") = "Uno.Validation.Wasm", "Uno.Validation\Uno.Validation.Wasm\Uno.Validation.Wasm.csproj", "{DB1A77AA-DFDD-4F39-961C-BF34EFEC879E}"
EndProject
Project("{FAE04EC0-301F-11D3-BF4B-00C04F79EFBC}") = "Uno.Validation.macOS", "Uno.Validation\Uno.Validation.macOS\Uno.Validation.macOS.csproj", "{6FACE219-5553-4942-919F-ADFCDFCED596}"
EndProject
Project("{FAE04EC0-301F-11D3-BF4B-00C04F79EFBC}") = "Uno.Validation.Skia.Wpf.Host", "Uno.Validation\Uno.Validation.Skia.Wpf.Host\Uno.Validation.Skia.Wpf.Host.csproj", "{767B302E-8131-48AE-93CF-BF1E9751F38F}"
EndProject
Project("{FAE04EC0-301F-11D3-BF4B-00C04F79EFBC}") = "Uno.Validation.Skia.Wpf", "Uno.Validation\Uno.Validation.Skia.Wpf\Uno.Validation.Skia.Wpf.csproj", "{3E02C67A-6098-4E5A-98CF-6E2D0A8DEB52}"
EndProject
Project("{FAE04EC0-301F-11D3-BF4B-00C04F79EFBC}") = "Uno.Validation.Skia.Gtk", "Uno.Validation\Uno.Validation.Skia.Gtk\Uno.Validation.Skia.Gtk.csproj", "{3D928FB7-575E-4D2C-93E5-504631105CA8}"
EndProject
Project("{FAE04EC0-301F-11D3-BF4B-00C04F79EFBC}") = "Uno.Validation.Skia.Tizen", "Uno.Validation\Uno.Validation.Skia.Tizen\Uno.Validation.Skia.Tizen.csproj", "{7428822F-2460-4A77-939F-5A51B98E1103}"
EndProject
Project("{D954291E-2A0B-460D-934E-DC6B0785DB48}") = "Uno.Validation.Shared", "Uno.Validation\Uno.Validation.Shared\Uno.Validation.Shared.shproj", "{6279C845-92F8-4333-AB99-3D213163593C}"
EndProject
Project("{2150E333-8FDC-42A3-9474-1A3956D46DE8}") = "SourceGenerators", "SourceGenerators", "{B51EB49C-34F1-433A-9D2E-A2C6CF400C6D}"
EndProject
Project("{FAE04EC0-301F-11D3-BF4B-00C04F79EFBC}") = "CustomMayd.SourceGenerators", "CustomMayd.SourceGenerators\CustomMayd.SourceGenerators.csproj", "{39920505-67AE-4A6E-B7A0-46711072A574}"
EndProject
Global
	GlobalSection(SharedMSBuildProjectFiles) = preSolution
		Uno.Validation\Uno.Validation.Shared\Uno.Validation.Shared.projitems*{3d928fb7-575e-4d2c-93e5-504631105ca8}*SharedItemsImports = 5
		Uno.Validation\Uno.Validation.Shared\Uno.Validation.Shared.projitems*{3e02c67a-6098-4e5a-98cf-6e2d0a8deb52}*SharedItemsImports = 5
		Uno.Validation\Uno.Validation.Shared\Uno.Validation.Shared.projitems*{46e1e734-bcd9-4fd2-b05d-c5b96a94ca5c}*SharedItemsImports = 4
		Uno.Validation\Uno.Validation.Shared\Uno.Validation.Shared.projitems*{4a4d051c-cb82-479b-829f-b28e15d4d267}*SharedItemsImports = 4
		Uno.Validation\Uno.Validation.Shared\Uno.Validation.Shared.projitems*{6279c845-92f8-4333-ab99-3d213163593c}*SharedItemsImports = 13
		Uno.Validation\Uno.Validation.Shared\Uno.Validation.Shared.projitems*{7428822f-2460-4a77-939f-5a51b98e1103}*SharedItemsImports = 5
		Uno.Validation\Uno.Validation.Shared\Uno.Validation.Shared.projitems*{db1a77aa-dfdd-4f39-961c-bf34efec879e}*SharedItemsImports = 5
	EndGlobalSection
	GlobalSection(SolutionConfigurationPlatforms) = preSolution
		Ad-Hoc|Any CPU = Ad-Hoc|Any CPU
		Ad-Hoc|ARM = Ad-Hoc|ARM
		Ad-Hoc|ARM64 = Ad-Hoc|ARM64
		Ad-Hoc|iPhone = Ad-Hoc|iPhone
		Ad-Hoc|iPhoneSimulator = Ad-Hoc|iPhoneSimulator
		Ad-Hoc|x64 = Ad-Hoc|x64
		Ad-Hoc|x86 = Ad-Hoc|x86
		AppStore|Any CPU = AppStore|Any CPU
		AppStore|ARM = AppStore|ARM
		AppStore|ARM64 = AppStore|ARM64
		AppStore|iPhone = AppStore|iPhone
		AppStore|iPhoneSimulator = AppStore|iPhoneSimulator
		AppStore|x64 = AppStore|x64
		AppStore|x86 = AppStore|x86
		Debug|Any CPU = Debug|Any CPU
		Debug|ARM = Debug|ARM
		Debug|ARM64 = Debug|ARM64
		Debug|iPhone = Debug|iPhone
		Debug|iPhoneSimulator = Debug|iPhoneSimulator
		Debug|x64 = Debug|x64
		Debug|x86 = Debug|x86
		Release|Any CPU = Release|Any CPU
		Release|ARM = Release|ARM
		Release|ARM64 = Release|ARM64
		Release|iPhone = Release|iPhone
		Release|iPhoneSimulator = Release|iPhoneSimulator
		Release|x64 = Release|x64
		Release|x86 = Release|x86
	EndGlobalSection
	GlobalSection(ProjectConfigurationPlatforms) = postSolution
		{46E1E734-BCD9-4FD2-B05D-C5B96A94CA5C}.Ad-Hoc|Any CPU.ActiveCfg = Debug|Any CPU
		{46E1E734-BCD9-4FD2-B05D-C5B96A94CA5C}.Ad-Hoc|Any CPU.Build.0 = Debug|Any CPU
		{46E1E734-BCD9-4FD2-B05D-C5B96A94CA5C}.Ad-Hoc|Any CPU.Deploy.0 = Debug|Any CPU
		{46E1E734-BCD9-4FD2-B05D-C5B96A94CA5C}.Ad-Hoc|ARM.ActiveCfg = Debug|Any CPU
		{46E1E734-BCD9-4FD2-B05D-C5B96A94CA5C}.Ad-Hoc|ARM.Build.0 = Debug|Any CPU
		{46E1E734-BCD9-4FD2-B05D-C5B96A94CA5C}.Ad-Hoc|ARM.Deploy.0 = Debug|Any CPU
		{46E1E734-BCD9-4FD2-B05D-C5B96A94CA5C}.Ad-Hoc|ARM64.ActiveCfg = Debug|Any CPU
		{46E1E734-BCD9-4FD2-B05D-C5B96A94CA5C}.Ad-Hoc|ARM64.Build.0 = Debug|Any CPU
		{46E1E734-BCD9-4FD2-B05D-C5B96A94CA5C}.Ad-Hoc|ARM64.Deploy.0 = Debug|Any CPU
		{46E1E734-BCD9-4FD2-B05D-C5B96A94CA5C}.Ad-Hoc|iPhone.ActiveCfg = Debug|Any CPU
		{46E1E734-BCD9-4FD2-B05D-C5B96A94CA5C}.Ad-Hoc|iPhone.Build.0 = Debug|Any CPU
		{46E1E734-BCD9-4FD2-B05D-C5B96A94CA5C}.Ad-Hoc|iPhone.Deploy.0 = Debug|Any CPU
		{46E1E734-BCD9-4FD2-B05D-C5B96A94CA5C}.Ad-Hoc|iPhoneSimulator.ActiveCfg = Debug|Any CPU
		{46E1E734-BCD9-4FD2-B05D-C5B96A94CA5C}.Ad-Hoc|iPhoneSimulator.Build.0 = Debug|Any CPU
		{46E1E734-BCD9-4FD2-B05D-C5B96A94CA5C}.Ad-Hoc|iPhoneSimulator.Deploy.0 = Debug|Any CPU
		{46E1E734-BCD9-4FD2-B05D-C5B96A94CA5C}.Ad-Hoc|x64.ActiveCfg = Debug|Any CPU
		{46E1E734-BCD9-4FD2-B05D-C5B96A94CA5C}.Ad-Hoc|x64.Build.0 = Debug|Any CPU
		{46E1E734-BCD9-4FD2-B05D-C5B96A94CA5C}.Ad-Hoc|x64.Deploy.0 = Debug|Any CPU
		{46E1E734-BCD9-4FD2-B05D-C5B96A94CA5C}.Ad-Hoc|x86.ActiveCfg = Debug|Any CPU
		{46E1E734-BCD9-4FD2-B05D-C5B96A94CA5C}.Ad-Hoc|x86.Build.0 = Debug|Any CPU
		{46E1E734-BCD9-4FD2-B05D-C5B96A94CA5C}.Ad-Hoc|x86.Deploy.0 = Debug|Any CPU
		{46E1E734-BCD9-4FD2-B05D-C5B96A94CA5C}.AppStore|Any CPU.ActiveCfg = Debug|Any CPU
		{46E1E734-BCD9-4FD2-B05D-C5B96A94CA5C}.AppStore|Any CPU.Build.0 = Debug|Any CPU
		{46E1E734-BCD9-4FD2-B05D-C5B96A94CA5C}.AppStore|Any CPU.Deploy.0 = Debug|Any CPU
		{46E1E734-BCD9-4FD2-B05D-C5B96A94CA5C}.AppStore|ARM.ActiveCfg = Debug|Any CPU
		{46E1E734-BCD9-4FD2-B05D-C5B96A94CA5C}.AppStore|ARM.Build.0 = Debug|Any CPU
		{46E1E734-BCD9-4FD2-B05D-C5B96A94CA5C}.AppStore|ARM.Deploy.0 = Debug|Any CPU
		{46E1E734-BCD9-4FD2-B05D-C5B96A94CA5C}.AppStore|ARM64.ActiveCfg = Debug|Any CPU
		{46E1E734-BCD9-4FD2-B05D-C5B96A94CA5C}.AppStore|ARM64.Build.0 = Debug|Any CPU
		{46E1E734-BCD9-4FD2-B05D-C5B96A94CA5C}.AppStore|ARM64.Deploy.0 = Debug|Any CPU
		{46E1E734-BCD9-4FD2-B05D-C5B96A94CA5C}.AppStore|iPhone.ActiveCfg = Debug|Any CPU
		{46E1E734-BCD9-4FD2-B05D-C5B96A94CA5C}.AppStore|iPhone.Build.0 = Debug|Any CPU
		{46E1E734-BCD9-4FD2-B05D-C5B96A94CA5C}.AppStore|iPhone.Deploy.0 = Debug|Any CPU
		{46E1E734-BCD9-4FD2-B05D-C5B96A94CA5C}.AppStore|iPhoneSimulator.ActiveCfg = Debug|Any CPU
		{46E1E734-BCD9-4FD2-B05D-C5B96A94CA5C}.AppStore|iPhoneSimulator.Build.0 = Debug|Any CPU
		{46E1E734-BCD9-4FD2-B05D-C5B96A94CA5C}.AppStore|iPhoneSimulator.Deploy.0 = Debug|Any CPU
		{46E1E734-BCD9-4FD2-B05D-C5B96A94CA5C}.AppStore|x64.ActiveCfg = Debug|Any CPU
		{46E1E734-BCD9-4FD2-B05D-C5B96A94CA5C}.AppStore|x64.Build.0 = Debug|Any CPU
		{46E1E734-BCD9-4FD2-B05D-C5B96A94CA5C}.AppStore|x64.Deploy.0 = Debug|Any CPU
		{46E1E734-BCD9-4FD2-B05D-C5B96A94CA5C}.AppStore|x86.ActiveCfg = Debug|Any CPU
		{46E1E734-BCD9-4FD2-B05D-C5B96A94CA5C}.AppStore|x86.Build.0 = Debug|Any CPU
		{46E1E734-BCD9-4FD2-B05D-C5B96A94CA5C}.AppStore|x86.Deploy.0 = Debug|Any CPU
		{46E1E734-BCD9-4FD2-B05D-C5B96A94CA5C}.Debug|Any CPU.ActiveCfg = Debug|Any CPU
		{46E1E734-BCD9-4FD2-B05D-C5B96A94CA5C}.Debug|Any CPU.Build.0 = Debug|Any CPU
		{46E1E734-BCD9-4FD2-B05D-C5B96A94CA5C}.Debug|Any CPU.Deploy.0 = Debug|Any CPU
		{46E1E734-BCD9-4FD2-B05D-C5B96A94CA5C}.Debug|ARM.ActiveCfg = Debug|Any CPU
		{46E1E734-BCD9-4FD2-B05D-C5B96A94CA5C}.Debug|ARM.Build.0 = Debug|Any CPU
		{46E1E734-BCD9-4FD2-B05D-C5B96A94CA5C}.Debug|ARM.Deploy.0 = Debug|Any CPU
		{46E1E734-BCD9-4FD2-B05D-C5B96A94CA5C}.Debug|ARM64.ActiveCfg = Debug|Any CPU
		{46E1E734-BCD9-4FD2-B05D-C5B96A94CA5C}.Debug|ARM64.Build.0 = Debug|Any CPU
		{46E1E734-BCD9-4FD2-B05D-C5B96A94CA5C}.Debug|ARM64.Deploy.0 = Debug|Any CPU
		{46E1E734-BCD9-4FD2-B05D-C5B96A94CA5C}.Debug|iPhone.ActiveCfg = Debug|Any CPU
		{46E1E734-BCD9-4FD2-B05D-C5B96A94CA5C}.Debug|iPhone.Build.0 = Debug|Any CPU
		{46E1E734-BCD9-4FD2-B05D-C5B96A94CA5C}.Debug|iPhone.Deploy.0 = Debug|Any CPU
		{46E1E734-BCD9-4FD2-B05D-C5B96A94CA5C}.Debug|iPhoneSimulator.ActiveCfg = Debug|Any CPU
		{46E1E734-BCD9-4FD2-B05D-C5B96A94CA5C}.Debug|iPhoneSimulator.Build.0 = Debug|Any CPU
		{46E1E734-BCD9-4FD2-B05D-C5B96A94CA5C}.Debug|iPhoneSimulator.Deploy.0 = Debug|Any CPU
		{46E1E734-BCD9-4FD2-B05D-C5B96A94CA5C}.Debug|x64.ActiveCfg = Debug|Any CPU
		{46E1E734-BCD9-4FD2-B05D-C5B96A94CA5C}.Debug|x64.Build.0 = Debug|Any CPU
		{46E1E734-BCD9-4FD2-B05D-C5B96A94CA5C}.Debug|x64.Deploy.0 = Debug|Any CPU
		{46E1E734-BCD9-4FD2-B05D-C5B96A94CA5C}.Debug|x86.ActiveCfg = Debug|Any CPU
		{46E1E734-BCD9-4FD2-B05D-C5B96A94CA5C}.Debug|x86.Build.0 = Debug|Any CPU
		{46E1E734-BCD9-4FD2-B05D-C5B96A94CA5C}.Debug|x86.Deploy.0 = Debug|Any CPU
		{46E1E734-BCD9-4FD2-B05D-C5B96A94CA5C}.Release|Any CPU.ActiveCfg = Release|Any CPU
		{46E1E734-BCD9-4FD2-B05D-C5B96A94CA5C}.Release|Any CPU.Build.0 = Release|Any CPU
		{46E1E734-BCD9-4FD2-B05D-C5B96A94CA5C}.Release|Any CPU.Deploy.0 = Release|Any CPU
		{46E1E734-BCD9-4FD2-B05D-C5B96A94CA5C}.Release|ARM.ActiveCfg = Release|Any CPU
		{46E1E734-BCD9-4FD2-B05D-C5B96A94CA5C}.Release|ARM.Build.0 = Release|Any CPU
		{46E1E734-BCD9-4FD2-B05D-C5B96A94CA5C}.Release|ARM.Deploy.0 = Release|Any CPU
		{46E1E734-BCD9-4FD2-B05D-C5B96A94CA5C}.Release|ARM64.ActiveCfg = Release|Any CPU
		{46E1E734-BCD9-4FD2-B05D-C5B96A94CA5C}.Release|ARM64.Build.0 = Release|Any CPU
		{46E1E734-BCD9-4FD2-B05D-C5B96A94CA5C}.Release|ARM64.Deploy.0 = Release|Any CPU
		{46E1E734-BCD9-4FD2-B05D-C5B96A94CA5C}.Release|iPhone.ActiveCfg = Release|Any CPU
		{46E1E734-BCD9-4FD2-B05D-C5B96A94CA5C}.Release|iPhone.Build.0 = Release|Any CPU
		{46E1E734-BCD9-4FD2-B05D-C5B96A94CA5C}.Release|iPhone.Deploy.0 = Release|Any CPU
		{46E1E734-BCD9-4FD2-B05D-C5B96A94CA5C}.Release|iPhoneSimulator.ActiveCfg = Release|Any CPU
		{46E1E734-BCD9-4FD2-B05D-C5B96A94CA5C}.Release|iPhoneSimulator.Build.0 = Release|Any CPU
		{46E1E734-BCD9-4FD2-B05D-C5B96A94CA5C}.Release|iPhoneSimulator.Deploy.0 = Release|Any CPU
		{46E1E734-BCD9-4FD2-B05D-C5B96A94CA5C}.Release|x64.ActiveCfg = Release|Any CPU
		{46E1E734-BCD9-4FD2-B05D-C5B96A94CA5C}.Release|x64.Build.0 = Release|Any CPU
		{46E1E734-BCD9-4FD2-B05D-C5B96A94CA5C}.Release|x64.Deploy.0 = Release|Any CPU
		{46E1E734-BCD9-4FD2-B05D-C5B96A94CA5C}.Release|x86.ActiveCfg = Release|Any CPU
		{46E1E734-BCD9-4FD2-B05D-C5B96A94CA5C}.Release|x86.Build.0 = Release|Any CPU
		{46E1E734-BCD9-4FD2-B05D-C5B96A94CA5C}.Release|x86.Deploy.0 = Release|Any CPU
		{9DA9B925-87F4-4E7D-ADCE-71B18D56E1A8}.Ad-Hoc|Any CPU.ActiveCfg = Ad-Hoc|iPhoneSimulator
		{9DA9B925-87F4-4E7D-ADCE-71B18D56E1A8}.Ad-Hoc|ARM.ActiveCfg = Ad-Hoc|iPhoneSimulator
		{9DA9B925-87F4-4E7D-ADCE-71B18D56E1A8}.Ad-Hoc|ARM64.ActiveCfg = Ad-Hoc|iPhoneSimulator
		{9DA9B925-87F4-4E7D-ADCE-71B18D56E1A8}.Ad-Hoc|iPhone.ActiveCfg = Ad-Hoc|iPhone
		{9DA9B925-87F4-4E7D-ADCE-71B18D56E1A8}.Ad-Hoc|iPhone.Build.0 = Ad-Hoc|iPhone
		{9DA9B925-87F4-4E7D-ADCE-71B18D56E1A8}.Ad-Hoc|iPhoneSimulator.ActiveCfg = Ad-Hoc|iPhoneSimulator
		{9DA9B925-87F4-4E7D-ADCE-71B18D56E1A8}.Ad-Hoc|iPhoneSimulator.Build.0 = Ad-Hoc|iPhoneSimulator
		{9DA9B925-87F4-4E7D-ADCE-71B18D56E1A8}.Ad-Hoc|x64.ActiveCfg = Ad-Hoc|iPhoneSimulator
		{9DA9B925-87F4-4E7D-ADCE-71B18D56E1A8}.Ad-Hoc|x86.ActiveCfg = Ad-Hoc|iPhoneSimulator
		{9DA9B925-87F4-4E7D-ADCE-71B18D56E1A8}.AppStore|Any CPU.ActiveCfg = AppStore|iPhoneSimulator
		{9DA9B925-87F4-4E7D-ADCE-71B18D56E1A8}.AppStore|ARM.ActiveCfg = AppStore|iPhoneSimulator
		{9DA9B925-87F4-4E7D-ADCE-71B18D56E1A8}.AppStore|ARM64.ActiveCfg = AppStore|iPhoneSimulator
		{9DA9B925-87F4-4E7D-ADCE-71B18D56E1A8}.AppStore|iPhone.ActiveCfg = AppStore|iPhone
		{9DA9B925-87F4-4E7D-ADCE-71B18D56E1A8}.AppStore|iPhone.Build.0 = AppStore|iPhone
		{9DA9B925-87F4-4E7D-ADCE-71B18D56E1A8}.AppStore|iPhoneSimulator.ActiveCfg = AppStore|iPhoneSimulator
		{9DA9B925-87F4-4E7D-ADCE-71B18D56E1A8}.AppStore|iPhoneSimulator.Build.0 = AppStore|iPhoneSimulator
		{9DA9B925-87F4-4E7D-ADCE-71B18D56E1A8}.AppStore|x64.ActiveCfg = AppStore|iPhoneSimulator
		{9DA9B925-87F4-4E7D-ADCE-71B18D56E1A8}.AppStore|x86.ActiveCfg = AppStore|iPhoneSimulator
		{9DA9B925-87F4-4E7D-ADCE-71B18D56E1A8}.Debug|Any CPU.ActiveCfg = Debug|iPhoneSimulator
		{9DA9B925-87F4-4E7D-ADCE-71B18D56E1A8}.Debug|ARM.ActiveCfg = Debug|iPhoneSimulator
		{9DA9B925-87F4-4E7D-ADCE-71B18D56E1A8}.Debug|ARM64.ActiveCfg = Debug|iPhoneSimulator
		{9DA9B925-87F4-4E7D-ADCE-71B18D56E1A8}.Debug|iPhone.ActiveCfg = Debug|iPhone
		{9DA9B925-87F4-4E7D-ADCE-71B18D56E1A8}.Debug|iPhone.Build.0 = Debug|iPhone
		{9DA9B925-87F4-4E7D-ADCE-71B18D56E1A8}.Debug|iPhoneSimulator.ActiveCfg = Debug|iPhoneSimulator
		{9DA9B925-87F4-4E7D-ADCE-71B18D56E1A8}.Debug|iPhoneSimulator.Build.0 = Debug|iPhoneSimulator
		{9DA9B925-87F4-4E7D-ADCE-71B18D56E1A8}.Debug|x64.ActiveCfg = Debug|iPhoneSimulator
		{9DA9B925-87F4-4E7D-ADCE-71B18D56E1A8}.Debug|x86.ActiveCfg = Debug|iPhoneSimulator
		{9DA9B925-87F4-4E7D-ADCE-71B18D56E1A8}.Release|Any CPU.ActiveCfg = Release|iPhoneSimulator
		{9DA9B925-87F4-4E7D-ADCE-71B18D56E1A8}.Release|ARM.ActiveCfg = Release|iPhoneSimulator
		{9DA9B925-87F4-4E7D-ADCE-71B18D56E1A8}.Release|ARM64.ActiveCfg = Release|iPhoneSimulator
		{9DA9B925-87F4-4E7D-ADCE-71B18D56E1A8}.Release|iPhone.ActiveCfg = Release|iPhone
		{9DA9B925-87F4-4E7D-ADCE-71B18D56E1A8}.Release|iPhone.Build.0 = Release|iPhone
		{9DA9B925-87F4-4E7D-ADCE-71B18D56E1A8}.Release|iPhoneSimulator.ActiveCfg = Release|iPhoneSimulator
		{9DA9B925-87F4-4E7D-ADCE-71B18D56E1A8}.Release|iPhoneSimulator.Build.0 = Release|iPhoneSimulator
		{9DA9B925-87F4-4E7D-ADCE-71B18D56E1A8}.Release|x64.ActiveCfg = Release|iPhoneSimulator
		{9DA9B925-87F4-4E7D-ADCE-71B18D56E1A8}.Release|x86.ActiveCfg = Release|iPhoneSimulator
		{4A4D051C-CB82-479B-829F-B28E15D4D267}.Ad-Hoc|Any CPU.ActiveCfg = Debug|x86
		{4A4D051C-CB82-479B-829F-B28E15D4D267}.Ad-Hoc|Any CPU.Build.0 = Debug|x86
		{4A4D051C-CB82-479B-829F-B28E15D4D267}.Ad-Hoc|Any CPU.Deploy.0 = Debug|x86
		{4A4D051C-CB82-479B-829F-B28E15D4D267}.Ad-Hoc|ARM.ActiveCfg = Debug|ARM
		{4A4D051C-CB82-479B-829F-B28E15D4D267}.Ad-Hoc|ARM.Build.0 = Debug|ARM
		{4A4D051C-CB82-479B-829F-B28E15D4D267}.Ad-Hoc|ARM.Deploy.0 = Debug|ARM
		{4A4D051C-CB82-479B-829F-B28E15D4D267}.Ad-Hoc|ARM64.ActiveCfg = Debug|ARM64
		{4A4D051C-CB82-479B-829F-B28E15D4D267}.Ad-Hoc|ARM64.Build.0 = Debug|ARM64
		{4A4D051C-CB82-479B-829F-B28E15D4D267}.Ad-Hoc|ARM64.Deploy.0 = Debug|ARM64
		{4A4D051C-CB82-479B-829F-B28E15D4D267}.Ad-Hoc|iPhone.ActiveCfg = Debug|x86
		{4A4D051C-CB82-479B-829F-B28E15D4D267}.Ad-Hoc|iPhone.Build.0 = Debug|x86
		{4A4D051C-CB82-479B-829F-B28E15D4D267}.Ad-Hoc|iPhone.Deploy.0 = Debug|x86
		{4A4D051C-CB82-479B-829F-B28E15D4D267}.Ad-Hoc|iPhoneSimulator.ActiveCfg = Debug|x86
		{4A4D051C-CB82-479B-829F-B28E15D4D267}.Ad-Hoc|iPhoneSimulator.Build.0 = Debug|x86
		{4A4D051C-CB82-479B-829F-B28E15D4D267}.Ad-Hoc|iPhoneSimulator.Deploy.0 = Debug|x86
		{4A4D051C-CB82-479B-829F-B28E15D4D267}.Ad-Hoc|x64.ActiveCfg = Debug|x64
		{4A4D051C-CB82-479B-829F-B28E15D4D267}.Ad-Hoc|x64.Build.0 = Debug|x64
		{4A4D051C-CB82-479B-829F-B28E15D4D267}.Ad-Hoc|x64.Deploy.0 = Debug|x64
		{4A4D051C-CB82-479B-829F-B28E15D4D267}.Ad-Hoc|x86.ActiveCfg = Debug|x86
		{4A4D051C-CB82-479B-829F-B28E15D4D267}.Ad-Hoc|x86.Build.0 = Debug|x86
		{4A4D051C-CB82-479B-829F-B28E15D4D267}.Ad-Hoc|x86.Deploy.0 = Debug|x86
		{4A4D051C-CB82-479B-829F-B28E15D4D267}.AppStore|Any CPU.ActiveCfg = Debug|x86
		{4A4D051C-CB82-479B-829F-B28E15D4D267}.AppStore|Any CPU.Build.0 = Debug|x86
		{4A4D051C-CB82-479B-829F-B28E15D4D267}.AppStore|Any CPU.Deploy.0 = Debug|x86
		{4A4D051C-CB82-479B-829F-B28E15D4D267}.AppStore|ARM.ActiveCfg = Debug|ARM
		{4A4D051C-CB82-479B-829F-B28E15D4D267}.AppStore|ARM.Build.0 = Debug|ARM
		{4A4D051C-CB82-479B-829F-B28E15D4D267}.AppStore|ARM.Deploy.0 = Debug|ARM
		{4A4D051C-CB82-479B-829F-B28E15D4D267}.AppStore|ARM64.ActiveCfg = Debug|ARM64
		{4A4D051C-CB82-479B-829F-B28E15D4D267}.AppStore|ARM64.Build.0 = Debug|ARM64
		{4A4D051C-CB82-479B-829F-B28E15D4D267}.AppStore|ARM64.Deploy.0 = Debug|ARM64
		{4A4D051C-CB82-479B-829F-B28E15D4D267}.AppStore|iPhone.ActiveCfg = Debug|x86
		{4A4D051C-CB82-479B-829F-B28E15D4D267}.AppStore|iPhone.Build.0 = Debug|x86
		{4A4D051C-CB82-479B-829F-B28E15D4D267}.AppStore|iPhone.Deploy.0 = Debug|x86
		{4A4D051C-CB82-479B-829F-B28E15D4D267}.AppStore|iPhoneSimulator.ActiveCfg = Debug|x86
		{4A4D051C-CB82-479B-829F-B28E15D4D267}.AppStore|iPhoneSimulator.Build.0 = Debug|x86
		{4A4D051C-CB82-479B-829F-B28E15D4D267}.AppStore|iPhoneSimulator.Deploy.0 = Debug|x86
		{4A4D051C-CB82-479B-829F-B28E15D4D267}.AppStore|x64.ActiveCfg = Debug|x64
		{4A4D051C-CB82-479B-829F-B28E15D4D267}.AppStore|x64.Build.0 = Debug|x64
		{4A4D051C-CB82-479B-829F-B28E15D4D267}.AppStore|x64.Deploy.0 = Debug|x64
		{4A4D051C-CB82-479B-829F-B28E15D4D267}.AppStore|x86.ActiveCfg = Debug|x86
		{4A4D051C-CB82-479B-829F-B28E15D4D267}.AppStore|x86.Build.0 = Debug|x86
		{4A4D051C-CB82-479B-829F-B28E15D4D267}.AppStore|x86.Deploy.0 = Debug|x86
		{4A4D051C-CB82-479B-829F-B28E15D4D267}.Debug|Any CPU.ActiveCfg = Debug|x86
		{4A4D051C-CB82-479B-829F-B28E15D4D267}.Debug|Any CPU.Build.0 = Debug|x86
		{4A4D051C-CB82-479B-829F-B28E15D4D267}.Debug|ARM.ActiveCfg = Debug|ARM
		{4A4D051C-CB82-479B-829F-B28E15D4D267}.Debug|ARM.Build.0 = Debug|ARM
		{4A4D051C-CB82-479B-829F-B28E15D4D267}.Debug|ARM.Deploy.0 = Debug|ARM
		{4A4D051C-CB82-479B-829F-B28E15D4D267}.Debug|ARM64.ActiveCfg = Debug|ARM64
		{4A4D051C-CB82-479B-829F-B28E15D4D267}.Debug|ARM64.Build.0 = Debug|ARM64
		{4A4D051C-CB82-479B-829F-B28E15D4D267}.Debug|ARM64.Deploy.0 = Debug|ARM64
		{4A4D051C-CB82-479B-829F-B28E15D4D267}.Debug|iPhone.ActiveCfg = Debug|x86
		{4A4D051C-CB82-479B-829F-B28E15D4D267}.Debug|iPhoneSimulator.ActiveCfg = Debug|x86
		{4A4D051C-CB82-479B-829F-B28E15D4D267}.Debug|x64.ActiveCfg = Debug|x64
		{4A4D051C-CB82-479B-829F-B28E15D4D267}.Debug|x64.Build.0 = Debug|x64
		{4A4D051C-CB82-479B-829F-B28E15D4D267}.Debug|x64.Deploy.0 = Debug|x64
		{4A4D051C-CB82-479B-829F-B28E15D4D267}.Debug|x86.ActiveCfg = Debug|x86
		{4A4D051C-CB82-479B-829F-B28E15D4D267}.Debug|x86.Build.0 = Debug|x86
		{4A4D051C-CB82-479B-829F-B28E15D4D267}.Debug|x86.Deploy.0 = Debug|x86
		{4A4D051C-CB82-479B-829F-B28E15D4D267}.Release|Any CPU.ActiveCfg = Release|x86
		{4A4D051C-CB82-479B-829F-B28E15D4D267}.Release|ARM.ActiveCfg = Release|ARM
		{4A4D051C-CB82-479B-829F-B28E15D4D267}.Release|ARM.Build.0 = Release|ARM
		{4A4D051C-CB82-479B-829F-B28E15D4D267}.Release|ARM.Deploy.0 = Release|ARM
		{4A4D051C-CB82-479B-829F-B28E15D4D267}.Release|ARM64.ActiveCfg = Release|ARM64
		{4A4D051C-CB82-479B-829F-B28E15D4D267}.Release|ARM64.Build.0 = Release|ARM64
		{4A4D051C-CB82-479B-829F-B28E15D4D267}.Release|ARM64.Deploy.0 = Release|ARM64
		{4A4D051C-CB82-479B-829F-B28E15D4D267}.Release|iPhone.ActiveCfg = Release|x86
		{4A4D051C-CB82-479B-829F-B28E15D4D267}.Release|iPhoneSimulator.ActiveCfg = Release|x86
		{4A4D051C-CB82-479B-829F-B28E15D4D267}.Release|x64.ActiveCfg = Release|x64
		{4A4D051C-CB82-479B-829F-B28E15D4D267}.Release|x64.Build.0 = Release|x64
		{4A4D051C-CB82-479B-829F-B28E15D4D267}.Release|x64.Deploy.0 = Release|x64
		{4A4D051C-CB82-479B-829F-B28E15D4D267}.Release|x86.ActiveCfg = Release|x86
		{4A4D051C-CB82-479B-829F-B28E15D4D267}.Release|x86.Build.0 = Release|x86
		{4A4D051C-CB82-479B-829F-B28E15D4D267}.Release|x86.Deploy.0 = Release|x86
		{DB1A77AA-DFDD-4F39-961C-BF34EFEC879E}.Ad-Hoc|Any CPU.ActiveCfg = Debug|Any CPU
		{DB1A77AA-DFDD-4F39-961C-BF34EFEC879E}.Ad-Hoc|Any CPU.Build.0 = Debug|Any CPU
		{DB1A77AA-DFDD-4F39-961C-BF34EFEC879E}.Ad-Hoc|ARM.ActiveCfg = Debug|Any CPU
		{DB1A77AA-DFDD-4F39-961C-BF34EFEC879E}.Ad-Hoc|ARM.Build.0 = Debug|Any CPU
		{DB1A77AA-DFDD-4F39-961C-BF34EFEC879E}.Ad-Hoc|ARM64.ActiveCfg = Debug|Any CPU
		{DB1A77AA-DFDD-4F39-961C-BF34EFEC879E}.Ad-Hoc|ARM64.Build.0 = Debug|Any CPU
		{DB1A77AA-DFDD-4F39-961C-BF34EFEC879E}.Ad-Hoc|iPhone.ActiveCfg = Debug|Any CPU
		{DB1A77AA-DFDD-4F39-961C-BF34EFEC879E}.Ad-Hoc|iPhone.Build.0 = Debug|Any CPU
		{DB1A77AA-DFDD-4F39-961C-BF34EFEC879E}.Ad-Hoc|iPhoneSimulator.ActiveCfg = Debug|Any CPU
		{DB1A77AA-DFDD-4F39-961C-BF34EFEC879E}.Ad-Hoc|iPhoneSimulator.Build.0 = Debug|Any CPU
		{DB1A77AA-DFDD-4F39-961C-BF34EFEC879E}.Ad-Hoc|x64.ActiveCfg = Debug|Any CPU
		{DB1A77AA-DFDD-4F39-961C-BF34EFEC879E}.Ad-Hoc|x64.Build.0 = Debug|Any CPU
		{DB1A77AA-DFDD-4F39-961C-BF34EFEC879E}.Ad-Hoc|x86.ActiveCfg = Debug|Any CPU
		{DB1A77AA-DFDD-4F39-961C-BF34EFEC879E}.Ad-Hoc|x86.Build.0 = Debug|Any CPU
		{DB1A77AA-DFDD-4F39-961C-BF34EFEC879E}.AppStore|Any CPU.ActiveCfg = Debug|Any CPU
		{DB1A77AA-DFDD-4F39-961C-BF34EFEC879E}.AppStore|Any CPU.Build.0 = Debug|Any CPU
		{DB1A77AA-DFDD-4F39-961C-BF34EFEC879E}.AppStore|ARM.ActiveCfg = Debug|Any CPU
		{DB1A77AA-DFDD-4F39-961C-BF34EFEC879E}.AppStore|ARM.Build.0 = Debug|Any CPU
		{DB1A77AA-DFDD-4F39-961C-BF34EFEC879E}.AppStore|ARM64.ActiveCfg = Debug|Any CPU
		{DB1A77AA-DFDD-4F39-961C-BF34EFEC879E}.AppStore|ARM64.Build.0 = Debug|Any CPU
		{DB1A77AA-DFDD-4F39-961C-BF34EFEC879E}.AppStore|iPhone.ActiveCfg = Debug|Any CPU
		{DB1A77AA-DFDD-4F39-961C-BF34EFEC879E}.AppStore|iPhone.Build.0 = Debug|Any CPU
		{DB1A77AA-DFDD-4F39-961C-BF34EFEC879E}.AppStore|iPhoneSimulator.ActiveCfg = Debug|Any CPU
		{DB1A77AA-DFDD-4F39-961C-BF34EFEC879E}.AppStore|iPhoneSimulator.Build.0 = Debug|Any CPU
		{DB1A77AA-DFDD-4F39-961C-BF34EFEC879E}.AppStore|x64.ActiveCfg = Debug|Any CPU
		{DB1A77AA-DFDD-4F39-961C-BF34EFEC879E}.AppStore|x64.Build.0 = Debug|Any CPU
		{DB1A77AA-DFDD-4F39-961C-BF34EFEC879E}.AppStore|x86.ActiveCfg = Debug|Any CPU
		{DB1A77AA-DFDD-4F39-961C-BF34EFEC879E}.AppStore|x86.Build.0 = Debug|Any CPU
		{DB1A77AA-DFDD-4F39-961C-BF34EFEC879E}.Debug|Any CPU.ActiveCfg = Debug|Any CPU
		{DB1A77AA-DFDD-4F39-961C-BF34EFEC879E}.Debug|Any CPU.Build.0 = Debug|Any CPU
		{DB1A77AA-DFDD-4F39-961C-BF34EFEC879E}.Debug|ARM.ActiveCfg = Debug|Any CPU
		{DB1A77AA-DFDD-4F39-961C-BF34EFEC879E}.Debug|ARM.Build.0 = Debug|Any CPU
		{DB1A77AA-DFDD-4F39-961C-BF34EFEC879E}.Debug|ARM64.ActiveCfg = Debug|Any CPU
		{DB1A77AA-DFDD-4F39-961C-BF34EFEC879E}.Debug|ARM64.Build.0 = Debug|Any CPU
		{DB1A77AA-DFDD-4F39-961C-BF34EFEC879E}.Debug|iPhone.ActiveCfg = Debug|Any CPU
		{DB1A77AA-DFDD-4F39-961C-BF34EFEC879E}.Debug|iPhone.Build.0 = Debug|Any CPU
		{DB1A77AA-DFDD-4F39-961C-BF34EFEC879E}.Debug|iPhoneSimulator.ActiveCfg = Debug|Any CPU
		{DB1A77AA-DFDD-4F39-961C-BF34EFEC879E}.Debug|iPhoneSimulator.Build.0 = Debug|Any CPU
		{DB1A77AA-DFDD-4F39-961C-BF34EFEC879E}.Debug|x64.ActiveCfg = Debug|Any CPU
		{DB1A77AA-DFDD-4F39-961C-BF34EFEC879E}.Debug|x64.Build.0 = Debug|Any CPU
		{DB1A77AA-DFDD-4F39-961C-BF34EFEC879E}.Debug|x86.ActiveCfg = Debug|Any CPU
		{DB1A77AA-DFDD-4F39-961C-BF34EFEC879E}.Debug|x86.Build.0 = Debug|Any CPU
		{DB1A77AA-DFDD-4F39-961C-BF34EFEC879E}.Release|Any CPU.ActiveCfg = Release|Any CPU
		{DB1A77AA-DFDD-4F39-961C-BF34EFEC879E}.Release|Any CPU.Build.0 = Release|Any CPU
		{DB1A77AA-DFDD-4F39-961C-BF34EFEC879E}.Release|ARM.ActiveCfg = Release|Any CPU
		{DB1A77AA-DFDD-4F39-961C-BF34EFEC879E}.Release|ARM.Build.0 = Release|Any CPU
		{DB1A77AA-DFDD-4F39-961C-BF34EFEC879E}.Release|ARM64.ActiveCfg = Release|Any CPU
		{DB1A77AA-DFDD-4F39-961C-BF34EFEC879E}.Release|ARM64.Build.0 = Release|Any CPU
		{DB1A77AA-DFDD-4F39-961C-BF34EFEC879E}.Release|iPhone.ActiveCfg = Release|Any CPU
		{DB1A77AA-DFDD-4F39-961C-BF34EFEC879E}.Release|iPhone.Build.0 = Release|Any CPU
		{DB1A77AA-DFDD-4F39-961C-BF34EFEC879E}.Release|iPhoneSimulator.ActiveCfg = Release|Any CPU
		{DB1A77AA-DFDD-4F39-961C-BF34EFEC879E}.Release|iPhoneSimulator.Build.0 = Release|Any CPU
		{DB1A77AA-DFDD-4F39-961C-BF34EFEC879E}.Release|x64.ActiveCfg = Release|Any CPU
		{DB1A77AA-DFDD-4F39-961C-BF34EFEC879E}.Release|x64.Build.0 = Release|Any CPU
		{DB1A77AA-DFDD-4F39-961C-BF34EFEC879E}.Release|x86.ActiveCfg = Release|Any CPU
		{DB1A77AA-DFDD-4F39-961C-BF34EFEC879E}.Release|x86.Build.0 = Release|Any CPU
		{6FACE219-5553-4942-919F-ADFCDFCED596}.Ad-Hoc|Any CPU.ActiveCfg = Debug|iPhoneSimulator
		{6FACE219-5553-4942-919F-ADFCDFCED596}.Ad-Hoc|Any CPU.Build.0 = Debug|iPhoneSimulator
		{6FACE219-5553-4942-919F-ADFCDFCED596}.Ad-Hoc|ARM.ActiveCfg = Debug|iPhoneSimulator
		{6FACE219-5553-4942-919F-ADFCDFCED596}.Ad-Hoc|ARM.Build.0 = Debug|iPhoneSimulator
		{6FACE219-5553-4942-919F-ADFCDFCED596}.Ad-Hoc|ARM64.ActiveCfg = Debug|iPhoneSimulator
		{6FACE219-5553-4942-919F-ADFCDFCED596}.Ad-Hoc|ARM64.Build.0 = Debug|iPhoneSimulator
		{6FACE219-5553-4942-919F-ADFCDFCED596}.Ad-Hoc|iPhone.ActiveCfg = Debug|iPhoneSimulator
		{6FACE219-5553-4942-919F-ADFCDFCED596}.Ad-Hoc|iPhone.Build.0 = Debug|iPhoneSimulator
		{6FACE219-5553-4942-919F-ADFCDFCED596}.Ad-Hoc|iPhoneSimulator.ActiveCfg = Debug|iPhoneSimulator
		{6FACE219-5553-4942-919F-ADFCDFCED596}.Ad-Hoc|iPhoneSimulator.Build.0 = Debug|iPhoneSimulator
		{6FACE219-5553-4942-919F-ADFCDFCED596}.Ad-Hoc|x64.ActiveCfg = Debug|iPhoneSimulator
		{6FACE219-5553-4942-919F-ADFCDFCED596}.Ad-Hoc|x64.Build.0 = Debug|iPhoneSimulator
		{6FACE219-5553-4942-919F-ADFCDFCED596}.Ad-Hoc|x86.ActiveCfg = Debug|iPhoneSimulator
		{6FACE219-5553-4942-919F-ADFCDFCED596}.Ad-Hoc|x86.Build.0 = Debug|iPhoneSimulator
		{6FACE219-5553-4942-919F-ADFCDFCED596}.AppStore|Any CPU.ActiveCfg = Debug|iPhoneSimulator
		{6FACE219-5553-4942-919F-ADFCDFCED596}.AppStore|Any CPU.Build.0 = Debug|iPhoneSimulator
		{6FACE219-5553-4942-919F-ADFCDFCED596}.AppStore|ARM.ActiveCfg = Debug|iPhoneSimulator
		{6FACE219-5553-4942-919F-ADFCDFCED596}.AppStore|ARM.Build.0 = Debug|iPhoneSimulator
		{6FACE219-5553-4942-919F-ADFCDFCED596}.AppStore|ARM64.ActiveCfg = Debug|iPhoneSimulator
		{6FACE219-5553-4942-919F-ADFCDFCED596}.AppStore|ARM64.Build.0 = Debug|iPhoneSimulator
		{6FACE219-5553-4942-919F-ADFCDFCED596}.AppStore|iPhone.ActiveCfg = Debug|iPhoneSimulator
		{6FACE219-5553-4942-919F-ADFCDFCED596}.AppStore|iPhone.Build.0 = Debug|iPhoneSimulator
		{6FACE219-5553-4942-919F-ADFCDFCED596}.AppStore|iPhoneSimulator.ActiveCfg = Debug|iPhoneSimulator
		{6FACE219-5553-4942-919F-ADFCDFCED596}.AppStore|iPhoneSimulator.Build.0 = Debug|iPhoneSimulator
		{6FACE219-5553-4942-919F-ADFCDFCED596}.AppStore|x64.ActiveCfg = Debug|iPhoneSimulator
		{6FACE219-5553-4942-919F-ADFCDFCED596}.AppStore|x64.Build.0 = Debug|iPhoneSimulator
		{6FACE219-5553-4942-919F-ADFCDFCED596}.AppStore|x86.ActiveCfg = Debug|iPhoneSimulator
		{6FACE219-5553-4942-919F-ADFCDFCED596}.AppStore|x86.Build.0 = Debug|iPhoneSimulator
		{6FACE219-5553-4942-919F-ADFCDFCED596}.Debug|Any CPU.ActiveCfg = Debug|iPhoneSimulator
		{6FACE219-5553-4942-919F-ADFCDFCED596}.Debug|ARM.ActiveCfg = Debug|iPhoneSimulator
		{6FACE219-5553-4942-919F-ADFCDFCED596}.Debug|ARM64.ActiveCfg = Debug|iPhoneSimulator
		{6FACE219-5553-4942-919F-ADFCDFCED596}.Debug|iPhone.ActiveCfg = Debug|iPhoneSimulator
		{6FACE219-5553-4942-919F-ADFCDFCED596}.Debug|iPhoneSimulator.ActiveCfg = Debug|iPhoneSimulator
		{6FACE219-5553-4942-919F-ADFCDFCED596}.Debug|iPhoneSimulator.Build.0 = Debug|iPhoneSimulator
		{6FACE219-5553-4942-919F-ADFCDFCED596}.Debug|x64.ActiveCfg = Debug|iPhoneSimulator
		{6FACE219-5553-4942-919F-ADFCDFCED596}.Debug|x86.ActiveCfg = Debug|iPhoneSimulator
		{6FACE219-5553-4942-919F-ADFCDFCED596}.Release|Any CPU.ActiveCfg = Release|iPhoneSimulator
		{6FACE219-5553-4942-919F-ADFCDFCED596}.Release|ARM.ActiveCfg = Release|iPhoneSimulator
		{6FACE219-5553-4942-919F-ADFCDFCED596}.Release|ARM64.ActiveCfg = Release|iPhoneSimulator
		{6FACE219-5553-4942-919F-ADFCDFCED596}.Release|iPhone.ActiveCfg = Release|iPhoneSimulator
		{6FACE219-5553-4942-919F-ADFCDFCED596}.Release|iPhoneSimulator.ActiveCfg = Release|iPhoneSimulator
		{6FACE219-5553-4942-919F-ADFCDFCED596}.Release|iPhoneSimulator.Build.0 = Release|iPhoneSimulator
		{6FACE219-5553-4942-919F-ADFCDFCED596}.Release|x64.ActiveCfg = Release|iPhoneSimulator
		{6FACE219-5553-4942-919F-ADFCDFCED596}.Release|x86.ActiveCfg = Release|iPhoneSimulator
		{767B302E-8131-48AE-93CF-BF1E9751F38F}.Ad-Hoc|Any CPU.ActiveCfg = Debug|Any CPU
		{767B302E-8131-48AE-93CF-BF1E9751F38F}.Ad-Hoc|Any CPU.Build.0 = Debug|Any CPU
		{767B302E-8131-48AE-93CF-BF1E9751F38F}.Ad-Hoc|ARM.ActiveCfg = Debug|Any CPU
		{767B302E-8131-48AE-93CF-BF1E9751F38F}.Ad-Hoc|ARM.Build.0 = Debug|Any CPU
		{767B302E-8131-48AE-93CF-BF1E9751F38F}.Ad-Hoc|ARM64.ActiveCfg = Debug|Any CPU
		{767B302E-8131-48AE-93CF-BF1E9751F38F}.Ad-Hoc|ARM64.Build.0 = Debug|Any CPU
		{767B302E-8131-48AE-93CF-BF1E9751F38F}.Ad-Hoc|iPhone.ActiveCfg = Debug|Any CPU
		{767B302E-8131-48AE-93CF-BF1E9751F38F}.Ad-Hoc|iPhone.Build.0 = Debug|Any CPU
		{767B302E-8131-48AE-93CF-BF1E9751F38F}.Ad-Hoc|iPhoneSimulator.ActiveCfg = Debug|Any CPU
		{767B302E-8131-48AE-93CF-BF1E9751F38F}.Ad-Hoc|iPhoneSimulator.Build.0 = Debug|Any CPU
		{767B302E-8131-48AE-93CF-BF1E9751F38F}.Ad-Hoc|x64.ActiveCfg = Debug|Any CPU
		{767B302E-8131-48AE-93CF-BF1E9751F38F}.Ad-Hoc|x64.Build.0 = Debug|Any CPU
		{767B302E-8131-48AE-93CF-BF1E9751F38F}.Ad-Hoc|x86.ActiveCfg = Debug|Any CPU
		{767B302E-8131-48AE-93CF-BF1E9751F38F}.Ad-Hoc|x86.Build.0 = Debug|Any CPU
		{767B302E-8131-48AE-93CF-BF1E9751F38F}.AppStore|Any CPU.ActiveCfg = Debug|Any CPU
		{767B302E-8131-48AE-93CF-BF1E9751F38F}.AppStore|Any CPU.Build.0 = Debug|Any CPU
		{767B302E-8131-48AE-93CF-BF1E9751F38F}.AppStore|ARM.ActiveCfg = Debug|Any CPU
		{767B302E-8131-48AE-93CF-BF1E9751F38F}.AppStore|ARM.Build.0 = Debug|Any CPU
		{767B302E-8131-48AE-93CF-BF1E9751F38F}.AppStore|ARM64.ActiveCfg = Debug|Any CPU
		{767B302E-8131-48AE-93CF-BF1E9751F38F}.AppStore|ARM64.Build.0 = Debug|Any CPU
		{767B302E-8131-48AE-93CF-BF1E9751F38F}.AppStore|iPhone.ActiveCfg = Debug|Any CPU
		{767B302E-8131-48AE-93CF-BF1E9751F38F}.AppStore|iPhone.Build.0 = Debug|Any CPU
		{767B302E-8131-48AE-93CF-BF1E9751F38F}.AppStore|iPhoneSimulator.ActiveCfg = Debug|Any CPU
		{767B302E-8131-48AE-93CF-BF1E9751F38F}.AppStore|iPhoneSimulator.Build.0 = Debug|Any CPU
		{767B302E-8131-48AE-93CF-BF1E9751F38F}.AppStore|x64.ActiveCfg = Debug|Any CPU
		{767B302E-8131-48AE-93CF-BF1E9751F38F}.AppStore|x64.Build.0 = Debug|Any CPU
		{767B302E-8131-48AE-93CF-BF1E9751F38F}.AppStore|x86.ActiveCfg = Debug|Any CPU
		{767B302E-8131-48AE-93CF-BF1E9751F38F}.AppStore|x86.Build.0 = Debug|Any CPU
		{767B302E-8131-48AE-93CF-BF1E9751F38F}.Debug|Any CPU.ActiveCfg = Debug|Any CPU
		{767B302E-8131-48AE-93CF-BF1E9751F38F}.Debug|Any CPU.Build.0 = Debug|Any CPU
		{767B302E-8131-48AE-93CF-BF1E9751F38F}.Debug|ARM.ActiveCfg = Debug|Any CPU
		{767B302E-8131-48AE-93CF-BF1E9751F38F}.Debug|ARM.Build.0 = Debug|Any CPU
		{767B302E-8131-48AE-93CF-BF1E9751F38F}.Debug|ARM64.ActiveCfg = Debug|Any CPU
		{767B302E-8131-48AE-93CF-BF1E9751F38F}.Debug|ARM64.Build.0 = Debug|Any CPU
		{767B302E-8131-48AE-93CF-BF1E9751F38F}.Debug|iPhone.ActiveCfg = Debug|Any CPU
		{767B302E-8131-48AE-93CF-BF1E9751F38F}.Debug|iPhone.Build.0 = Debug|Any CPU
		{767B302E-8131-48AE-93CF-BF1E9751F38F}.Debug|iPhoneSimulator.ActiveCfg = Debug|Any CPU
		{767B302E-8131-48AE-93CF-BF1E9751F38F}.Debug|iPhoneSimulator.Build.0 = Debug|Any CPU
		{767B302E-8131-48AE-93CF-BF1E9751F38F}.Debug|x64.ActiveCfg = Debug|Any CPU
		{767B302E-8131-48AE-93CF-BF1E9751F38F}.Debug|x64.Build.0 = Debug|Any CPU
		{767B302E-8131-48AE-93CF-BF1E9751F38F}.Debug|x86.ActiveCfg = Debug|Any CPU
		{767B302E-8131-48AE-93CF-BF1E9751F38F}.Debug|x86.Build.0 = Debug|Any CPU
		{767B302E-8131-48AE-93CF-BF1E9751F38F}.Release|Any CPU.ActiveCfg = Release|Any CPU
		{767B302E-8131-48AE-93CF-BF1E9751F38F}.Release|Any CPU.Build.0 = Release|Any CPU
		{767B302E-8131-48AE-93CF-BF1E9751F38F}.Release|ARM.ActiveCfg = Release|Any CPU
		{767B302E-8131-48AE-93CF-BF1E9751F38F}.Release|ARM.Build.0 = Release|Any CPU
		{767B302E-8131-48AE-93CF-BF1E9751F38F}.Release|ARM64.ActiveCfg = Release|Any CPU
		{767B302E-8131-48AE-93CF-BF1E9751F38F}.Release|ARM64.Build.0 = Release|Any CPU
		{767B302E-8131-48AE-93CF-BF1E9751F38F}.Release|iPhone.ActiveCfg = Release|Any CPU
		{767B302E-8131-48AE-93CF-BF1E9751F38F}.Release|iPhone.Build.0 = Release|Any CPU
		{767B302E-8131-48AE-93CF-BF1E9751F38F}.Release|iPhoneSimulator.ActiveCfg = Release|Any CPU
		{767B302E-8131-48AE-93CF-BF1E9751F38F}.Release|iPhoneSimulator.Build.0 = Release|Any CPU
		{767B302E-8131-48AE-93CF-BF1E9751F38F}.Release|x64.ActiveCfg = Release|Any CPU
		{767B302E-8131-48AE-93CF-BF1E9751F38F}.Release|x64.Build.0 = Release|Any CPU
		{767B302E-8131-48AE-93CF-BF1E9751F38F}.Release|x86.ActiveCfg = Release|Any CPU
		{767B302E-8131-48AE-93CF-BF1E9751F38F}.Release|x86.Build.0 = Release|Any CPU
		{3E02C67A-6098-4E5A-98CF-6E2D0A8DEB52}.Ad-Hoc|Any CPU.ActiveCfg = Debug|Any CPU
		{3E02C67A-6098-4E5A-98CF-6E2D0A8DEB52}.Ad-Hoc|Any CPU.Build.0 = Debug|Any CPU
		{3E02C67A-6098-4E5A-98CF-6E2D0A8DEB52}.Ad-Hoc|ARM.ActiveCfg = Debug|Any CPU
		{3E02C67A-6098-4E5A-98CF-6E2D0A8DEB52}.Ad-Hoc|ARM.Build.0 = Debug|Any CPU
		{3E02C67A-6098-4E5A-98CF-6E2D0A8DEB52}.Ad-Hoc|ARM64.ActiveCfg = Debug|Any CPU
		{3E02C67A-6098-4E5A-98CF-6E2D0A8DEB52}.Ad-Hoc|ARM64.Build.0 = Debug|Any CPU
		{3E02C67A-6098-4E5A-98CF-6E2D0A8DEB52}.Ad-Hoc|iPhone.ActiveCfg = Debug|Any CPU
		{3E02C67A-6098-4E5A-98CF-6E2D0A8DEB52}.Ad-Hoc|iPhone.Build.0 = Debug|Any CPU
		{3E02C67A-6098-4E5A-98CF-6E2D0A8DEB52}.Ad-Hoc|iPhoneSimulator.ActiveCfg = Debug|Any CPU
		{3E02C67A-6098-4E5A-98CF-6E2D0A8DEB52}.Ad-Hoc|iPhoneSimulator.Build.0 = Debug|Any CPU
		{3E02C67A-6098-4E5A-98CF-6E2D0A8DEB52}.Ad-Hoc|x64.ActiveCfg = Debug|Any CPU
		{3E02C67A-6098-4E5A-98CF-6E2D0A8DEB52}.Ad-Hoc|x64.Build.0 = Debug|Any CPU
		{3E02C67A-6098-4E5A-98CF-6E2D0A8DEB52}.Ad-Hoc|x86.ActiveCfg = Debug|Any CPU
		{3E02C67A-6098-4E5A-98CF-6E2D0A8DEB52}.Ad-Hoc|x86.Build.0 = Debug|Any CPU
		{3E02C67A-6098-4E5A-98CF-6E2D0A8DEB52}.AppStore|Any CPU.ActiveCfg = Debug|Any CPU
		{3E02C67A-6098-4E5A-98CF-6E2D0A8DEB52}.AppStore|Any CPU.Build.0 = Debug|Any CPU
		{3E02C67A-6098-4E5A-98CF-6E2D0A8DEB52}.AppStore|ARM.ActiveCfg = Debug|Any CPU
		{3E02C67A-6098-4E5A-98CF-6E2D0A8DEB52}.AppStore|ARM.Build.0 = Debug|Any CPU
		{3E02C67A-6098-4E5A-98CF-6E2D0A8DEB52}.AppStore|ARM64.ActiveCfg = Debug|Any CPU
		{3E02C67A-6098-4E5A-98CF-6E2D0A8DEB52}.AppStore|ARM64.Build.0 = Debug|Any CPU
		{3E02C67A-6098-4E5A-98CF-6E2D0A8DEB52}.AppStore|iPhone.ActiveCfg = Debug|Any CPU
		{3E02C67A-6098-4E5A-98CF-6E2D0A8DEB52}.AppStore|iPhone.Build.0 = Debug|Any CPU
		{3E02C67A-6098-4E5A-98CF-6E2D0A8DEB52}.AppStore|iPhoneSimulator.ActiveCfg = Debug|Any CPU
		{3E02C67A-6098-4E5A-98CF-6E2D0A8DEB52}.AppStore|iPhoneSimulator.Build.0 = Debug|Any CPU
		{3E02C67A-6098-4E5A-98CF-6E2D0A8DEB52}.AppStore|x64.ActiveCfg = Debug|Any CPU
		{3E02C67A-6098-4E5A-98CF-6E2D0A8DEB52}.AppStore|x64.Build.0 = Debug|Any CPU
		{3E02C67A-6098-4E5A-98CF-6E2D0A8DEB52}.AppStore|x86.ActiveCfg = Debug|Any CPU
		{3E02C67A-6098-4E5A-98CF-6E2D0A8DEB52}.AppStore|x86.Build.0 = Debug|Any CPU
		{3E02C67A-6098-4E5A-98CF-6E2D0A8DEB52}.Debug|Any CPU.ActiveCfg = Debug|Any CPU
		{3E02C67A-6098-4E5A-98CF-6E2D0A8DEB52}.Debug|Any CPU.Build.0 = Debug|Any CPU
		{3E02C67A-6098-4E5A-98CF-6E2D0A8DEB52}.Debug|ARM.ActiveCfg = Debug|Any CPU
		{3E02C67A-6098-4E5A-98CF-6E2D0A8DEB52}.Debug|ARM.Build.0 = Debug|Any CPU
		{3E02C67A-6098-4E5A-98CF-6E2D0A8DEB52}.Debug|ARM64.ActiveCfg = Debug|Any CPU
		{3E02C67A-6098-4E5A-98CF-6E2D0A8DEB52}.Debug|ARM64.Build.0 = Debug|Any CPU
		{3E02C67A-6098-4E5A-98CF-6E2D0A8DEB52}.Debug|iPhone.ActiveCfg = Debug|Any CPU
		{3E02C67A-6098-4E5A-98CF-6E2D0A8DEB52}.Debug|iPhone.Build.0 = Debug|Any CPU
		{3E02C67A-6098-4E5A-98CF-6E2D0A8DEB52}.Debug|iPhoneSimulator.ActiveCfg = Debug|Any CPU
		{3E02C67A-6098-4E5A-98CF-6E2D0A8DEB52}.Debug|iPhoneSimulator.Build.0 = Debug|Any CPU
		{3E02C67A-6098-4E5A-98CF-6E2D0A8DEB52}.Debug|x64.ActiveCfg = Debug|Any CPU
		{3E02C67A-6098-4E5A-98CF-6E2D0A8DEB52}.Debug|x64.Build.0 = Debug|Any CPU
		{3E02C67A-6098-4E5A-98CF-6E2D0A8DEB52}.Debug|x86.ActiveCfg = Debug|Any CPU
		{3E02C67A-6098-4E5A-98CF-6E2D0A8DEB52}.Debug|x86.Build.0 = Debug|Any CPU
		{3E02C67A-6098-4E5A-98CF-6E2D0A8DEB52}.Release|Any CPU.ActiveCfg = Release|Any CPU
		{3E02C67A-6098-4E5A-98CF-6E2D0A8DEB52}.Release|Any CPU.Build.0 = Release|Any CPU
		{3E02C67A-6098-4E5A-98CF-6E2D0A8DEB52}.Release|ARM.ActiveCfg = Release|Any CPU
		{3E02C67A-6098-4E5A-98CF-6E2D0A8DEB52}.Release|ARM.Build.0 = Release|Any CPU
		{3E02C67A-6098-4E5A-98CF-6E2D0A8DEB52}.Release|ARM64.ActiveCfg = Release|Any CPU
		{3E02C67A-6098-4E5A-98CF-6E2D0A8DEB52}.Release|ARM64.Build.0 = Release|Any CPU
		{3E02C67A-6098-4E5A-98CF-6E2D0A8DEB52}.Release|iPhone.ActiveCfg = Release|Any CPU
		{3E02C67A-6098-4E5A-98CF-6E2D0A8DEB52}.Release|iPhone.Build.0 = Release|Any CPU
		{3E02C67A-6098-4E5A-98CF-6E2D0A8DEB52}.Release|iPhoneSimulator.ActiveCfg = Release|Any CPU
		{3E02C67A-6098-4E5A-98CF-6E2D0A8DEB52}.Release|iPhoneSimulator.Build.0 = Release|Any CPU
		{3E02C67A-6098-4E5A-98CF-6E2D0A8DEB52}.Release|x64.ActiveCfg = Release|Any CPU
		{3E02C67A-6098-4E5A-98CF-6E2D0A8DEB52}.Release|x64.Build.0 = Release|Any CPU
		{3E02C67A-6098-4E5A-98CF-6E2D0A8DEB52}.Release|x86.ActiveCfg = Release|Any CPU
		{3E02C67A-6098-4E5A-98CF-6E2D0A8DEB52}.Release|x86.Build.0 = Release|Any CPU
		{3D928FB7-575E-4D2C-93E5-504631105CA8}.Ad-Hoc|Any CPU.ActiveCfg = Debug|Any CPU
		{3D928FB7-575E-4D2C-93E5-504631105CA8}.Ad-Hoc|Any CPU.Build.0 = Debug|Any CPU
		{3D928FB7-575E-4D2C-93E5-504631105CA8}.Ad-Hoc|ARM.ActiveCfg = Debug|Any CPU
		{3D928FB7-575E-4D2C-93E5-504631105CA8}.Ad-Hoc|ARM.Build.0 = Debug|Any CPU
		{3D928FB7-575E-4D2C-93E5-504631105CA8}.Ad-Hoc|ARM64.ActiveCfg = Debug|Any CPU
		{3D928FB7-575E-4D2C-93E5-504631105CA8}.Ad-Hoc|ARM64.Build.0 = Debug|Any CPU
		{3D928FB7-575E-4D2C-93E5-504631105CA8}.Ad-Hoc|iPhone.ActiveCfg = Debug|Any CPU
		{3D928FB7-575E-4D2C-93E5-504631105CA8}.Ad-Hoc|iPhone.Build.0 = Debug|Any CPU
		{3D928FB7-575E-4D2C-93E5-504631105CA8}.Ad-Hoc|iPhoneSimulator.ActiveCfg = Debug|Any CPU
		{3D928FB7-575E-4D2C-93E5-504631105CA8}.Ad-Hoc|iPhoneSimulator.Build.0 = Debug|Any CPU
		{3D928FB7-575E-4D2C-93E5-504631105CA8}.Ad-Hoc|x64.ActiveCfg = Debug|Any CPU
		{3D928FB7-575E-4D2C-93E5-504631105CA8}.Ad-Hoc|x64.Build.0 = Debug|Any CPU
		{3D928FB7-575E-4D2C-93E5-504631105CA8}.Ad-Hoc|x86.ActiveCfg = Debug|Any CPU
		{3D928FB7-575E-4D2C-93E5-504631105CA8}.Ad-Hoc|x86.Build.0 = Debug|Any CPU
		{3D928FB7-575E-4D2C-93E5-504631105CA8}.AppStore|Any CPU.ActiveCfg = Debug|Any CPU
		{3D928FB7-575E-4D2C-93E5-504631105CA8}.AppStore|Any CPU.Build.0 = Debug|Any CPU
		{3D928FB7-575E-4D2C-93E5-504631105CA8}.AppStore|ARM.ActiveCfg = Debug|Any CPU
		{3D928FB7-575E-4D2C-93E5-504631105CA8}.AppStore|ARM.Build.0 = Debug|Any CPU
		{3D928FB7-575E-4D2C-93E5-504631105CA8}.AppStore|ARM64.ActiveCfg = Debug|Any CPU
		{3D928FB7-575E-4D2C-93E5-504631105CA8}.AppStore|ARM64.Build.0 = Debug|Any CPU
		{3D928FB7-575E-4D2C-93E5-504631105CA8}.AppStore|iPhone.ActiveCfg = Debug|Any CPU
		{3D928FB7-575E-4D2C-93E5-504631105CA8}.AppStore|iPhone.Build.0 = Debug|Any CPU
		{3D928FB7-575E-4D2C-93E5-504631105CA8}.AppStore|iPhoneSimulator.ActiveCfg = Debug|Any CPU
		{3D928FB7-575E-4D2C-93E5-504631105CA8}.AppStore|iPhoneSimulator.Build.0 = Debug|Any CPU
		{3D928FB7-575E-4D2C-93E5-504631105CA8}.AppStore|x64.ActiveCfg = Debug|Any CPU
		{3D928FB7-575E-4D2C-93E5-504631105CA8}.AppStore|x64.Build.0 = Debug|Any CPU
		{3D928FB7-575E-4D2C-93E5-504631105CA8}.AppStore|x86.ActiveCfg = Debug|Any CPU
		{3D928FB7-575E-4D2C-93E5-504631105CA8}.AppStore|x86.Build.0 = Debug|Any CPU
		{3D928FB7-575E-4D2C-93E5-504631105CA8}.Debug|Any CPU.ActiveCfg = Debug|Any CPU
		{3D928FB7-575E-4D2C-93E5-504631105CA8}.Debug|Any CPU.Build.0 = Debug|Any CPU
		{3D928FB7-575E-4D2C-93E5-504631105CA8}.Debug|ARM.ActiveCfg = Debug|Any CPU
		{3D928FB7-575E-4D2C-93E5-504631105CA8}.Debug|ARM.Build.0 = Debug|Any CPU
		{3D928FB7-575E-4D2C-93E5-504631105CA8}.Debug|ARM64.ActiveCfg = Debug|Any CPU
		{3D928FB7-575E-4D2C-93E5-504631105CA8}.Debug|ARM64.Build.0 = Debug|Any CPU
		{3D928FB7-575E-4D2C-93E5-504631105CA8}.Debug|iPhone.ActiveCfg = Debug|Any CPU
		{3D928FB7-575E-4D2C-93E5-504631105CA8}.Debug|iPhone.Build.0 = Debug|Any CPU
		{3D928FB7-575E-4D2C-93E5-504631105CA8}.Debug|iPhoneSimulator.ActiveCfg = Debug|Any CPU
		{3D928FB7-575E-4D2C-93E5-504631105CA8}.Debug|iPhoneSimulator.Build.0 = Debug|Any CPU
		{3D928FB7-575E-4D2C-93E5-504631105CA8}.Debug|x64.ActiveCfg = Debug|Any CPU
		{3D928FB7-575E-4D2C-93E5-504631105CA8}.Debug|x64.Build.0 = Debug|Any CPU
		{3D928FB7-575E-4D2C-93E5-504631105CA8}.Debug|x86.ActiveCfg = Debug|Any CPU
		{3D928FB7-575E-4D2C-93E5-504631105CA8}.Debug|x86.Build.0 = Debug|Any CPU
		{3D928FB7-575E-4D2C-93E5-504631105CA8}.Release|Any CPU.ActiveCfg = Release|Any CPU
		{3D928FB7-575E-4D2C-93E5-504631105CA8}.Release|Any CPU.Build.0 = Release|Any CPU
		{3D928FB7-575E-4D2C-93E5-504631105CA8}.Release|ARM.ActiveCfg = Release|Any CPU
		{3D928FB7-575E-4D2C-93E5-504631105CA8}.Release|ARM.Build.0 = Release|Any CPU
		{3D928FB7-575E-4D2C-93E5-504631105CA8}.Release|ARM64.ActiveCfg = Release|Any CPU
		{3D928FB7-575E-4D2C-93E5-504631105CA8}.Release|ARM64.Build.0 = Release|Any CPU
		{3D928FB7-575E-4D2C-93E5-504631105CA8}.Release|iPhone.ActiveCfg = Release|Any CPU
		{3D928FB7-575E-4D2C-93E5-504631105CA8}.Release|iPhone.Build.0 = Release|Any CPU
		{3D928FB7-575E-4D2C-93E5-504631105CA8}.Release|iPhoneSimulator.ActiveCfg = Release|Any CPU
		{3D928FB7-575E-4D2C-93E5-504631105CA8}.Release|iPhoneSimulator.Build.0 = Release|Any CPU
		{3D928FB7-575E-4D2C-93E5-504631105CA8}.Release|x64.ActiveCfg = Release|Any CPU
		{3D928FB7-575E-4D2C-93E5-504631105CA8}.Release|x64.Build.0 = Release|Any CPU
		{3D928FB7-575E-4D2C-93E5-504631105CA8}.Release|x86.ActiveCfg = Release|Any CPU
		{3D928FB7-575E-4D2C-93E5-504631105CA8}.Release|x86.Build.0 = Release|Any CPU
		{7428822F-2460-4A77-939F-5A51B98E1103}.Ad-Hoc|Any CPU.ActiveCfg = Debug|Any CPU
		{7428822F-2460-4A77-939F-5A51B98E1103}.Ad-Hoc|Any CPU.Build.0 = Debug|Any CPU
		{7428822F-2460-4A77-939F-5A51B98E1103}.Ad-Hoc|ARM.ActiveCfg = Debug|Any CPU
		{7428822F-2460-4A77-939F-5A51B98E1103}.Ad-Hoc|ARM.Build.0 = Debug|Any CPU
		{7428822F-2460-4A77-939F-5A51B98E1103}.Ad-Hoc|ARM64.ActiveCfg = Debug|Any CPU
		{7428822F-2460-4A77-939F-5A51B98E1103}.Ad-Hoc|ARM64.Build.0 = Debug|Any CPU
		{7428822F-2460-4A77-939F-5A51B98E1103}.Ad-Hoc|iPhone.ActiveCfg = Debug|Any CPU
		{7428822F-2460-4A77-939F-5A51B98E1103}.Ad-Hoc|iPhone.Build.0 = Debug|Any CPU
		{7428822F-2460-4A77-939F-5A51B98E1103}.Ad-Hoc|iPhoneSimulator.ActiveCfg = Debug|Any CPU
		{7428822F-2460-4A77-939F-5A51B98E1103}.Ad-Hoc|iPhoneSimulator.Build.0 = Debug|Any CPU
		{7428822F-2460-4A77-939F-5A51B98E1103}.Ad-Hoc|x64.ActiveCfg = Debug|Any CPU
		{7428822F-2460-4A77-939F-5A51B98E1103}.Ad-Hoc|x64.Build.0 = Debug|Any CPU
		{7428822F-2460-4A77-939F-5A51B98E1103}.Ad-Hoc|x86.ActiveCfg = Debug|Any CPU
		{7428822F-2460-4A77-939F-5A51B98E1103}.Ad-Hoc|x86.Build.0 = Debug|Any CPU
		{7428822F-2460-4A77-939F-5A51B98E1103}.AppStore|Any CPU.ActiveCfg = Debug|Any CPU
		{7428822F-2460-4A77-939F-5A51B98E1103}.AppStore|Any CPU.Build.0 = Debug|Any CPU
		{7428822F-2460-4A77-939F-5A51B98E1103}.AppStore|ARM.ActiveCfg = Debug|Any CPU
		{7428822F-2460-4A77-939F-5A51B98E1103}.AppStore|ARM.Build.0 = Debug|Any CPU
		{7428822F-2460-4A77-939F-5A51B98E1103}.AppStore|ARM64.ActiveCfg = Debug|Any CPU
		{7428822F-2460-4A77-939F-5A51B98E1103}.AppStore|ARM64.Build.0 = Debug|Any CPU
		{7428822F-2460-4A77-939F-5A51B98E1103}.AppStore|iPhone.ActiveCfg = Debug|Any CPU
		{7428822F-2460-4A77-939F-5A51B98E1103}.AppStore|iPhone.Build.0 = Debug|Any CPU
		{7428822F-2460-4A77-939F-5A51B98E1103}.AppStore|iPhoneSimulator.ActiveCfg = Debug|Any CPU
		{7428822F-2460-4A77-939F-5A51B98E1103}.AppStore|iPhoneSimulator.Build.0 = Debug|Any CPU
		{7428822F-2460-4A77-939F-5A51B98E1103}.AppStore|x64.ActiveCfg = Debug|Any CPU
		{7428822F-2460-4A77-939F-5A51B98E1103}.AppStore|x64.Build.0 = Debug|Any CPU
		{7428822F-2460-4A77-939F-5A51B98E1103}.AppStore|x86.ActiveCfg = Debug|Any CPU
		{7428822F-2460-4A77-939F-5A51B98E1103}.AppStore|x86.Build.0 = Debug|Any CPU
		{7428822F-2460-4A77-939F-5A51B98E1103}.Debug|Any CPU.ActiveCfg = Debug|Any CPU
		{7428822F-2460-4A77-939F-5A51B98E1103}.Debug|Any CPU.Build.0 = Debug|Any CPU
		{7428822F-2460-4A77-939F-5A51B98E1103}.Debug|ARM.ActiveCfg = Debug|Any CPU
		{7428822F-2460-4A77-939F-5A51B98E1103}.Debug|ARM.Build.0 = Debug|Any CPU
		{7428822F-2460-4A77-939F-5A51B98E1103}.Debug|ARM64.ActiveCfg = Debug|Any CPU
		{7428822F-2460-4A77-939F-5A51B98E1103}.Debug|ARM64.Build.0 = Debug|Any CPU
		{7428822F-2460-4A77-939F-5A51B98E1103}.Debug|iPhone.ActiveCfg = Debug|Any CPU
		{7428822F-2460-4A77-939F-5A51B98E1103}.Debug|iPhone.Build.0 = Debug|Any CPU
		{7428822F-2460-4A77-939F-5A51B98E1103}.Debug|iPhoneSimulator.ActiveCfg = Debug|Any CPU
		{7428822F-2460-4A77-939F-5A51B98E1103}.Debug|iPhoneSimulator.Build.0 = Debug|Any CPU
		{7428822F-2460-4A77-939F-5A51B98E1103}.Debug|x64.ActiveCfg = Debug|Any CPU
		{7428822F-2460-4A77-939F-5A51B98E1103}.Debug|x64.Build.0 = Debug|Any CPU
		{7428822F-2460-4A77-939F-5A51B98E1103}.Debug|x86.ActiveCfg = Debug|Any CPU
		{7428822F-2460-4A77-939F-5A51B98E1103}.Debug|x86.Build.0 = Debug|Any CPU
		{7428822F-2460-4A77-939F-5A51B98E1103}.Release|Any CPU.ActiveCfg = Release|Any CPU
		{7428822F-2460-4A77-939F-5A51B98E1103}.Release|Any CPU.Build.0 = Release|Any CPU
		{7428822F-2460-4A77-939F-5A51B98E1103}.Release|ARM.ActiveCfg = Release|Any CPU
		{7428822F-2460-4A77-939F-5A51B98E1103}.Release|ARM.Build.0 = Release|Any CPU
		{7428822F-2460-4A77-939F-5A51B98E1103}.Release|ARM64.ActiveCfg = Release|Any CPU
		{7428822F-2460-4A77-939F-5A51B98E1103}.Release|ARM64.Build.0 = Release|Any CPU
		{7428822F-2460-4A77-939F-5A51B98E1103}.Release|iPhone.ActiveCfg = Release|Any CPU
		{7428822F-2460-4A77-939F-5A51B98E1103}.Release|iPhone.Build.0 = Release|Any CPU
		{7428822F-2460-4A77-939F-5A51B98E1103}.Release|iPhoneSimulator.ActiveCfg = Release|Any CPU
		{7428822F-2460-4A77-939F-5A51B98E1103}.Release|iPhoneSimulator.Build.0 = Release|Any CPU
		{7428822F-2460-4A77-939F-5A51B98E1103}.Release|x64.ActiveCfg = Release|Any CPU
		{7428822F-2460-4A77-939F-5A51B98E1103}.Release|x64.Build.0 = Release|Any CPU
		{7428822F-2460-4A77-939F-5A51B98E1103}.Release|x86.ActiveCfg = Release|Any CPU
		{7428822F-2460-4A77-939F-5A51B98E1103}.Release|x86.Build.0 = Release|Any CPU
		{39920505-67AE-4A6E-B7A0-46711072A574}.Ad-Hoc|Any CPU.ActiveCfg = Debug|Any CPU
		{39920505-67AE-4A6E-B7A0-46711072A574}.Ad-Hoc|Any CPU.Build.0 = Debug|Any CPU
		{39920505-67AE-4A6E-B7A0-46711072A574}.Ad-Hoc|ARM.ActiveCfg = Debug|Any CPU
		{39920505-67AE-4A6E-B7A0-46711072A574}.Ad-Hoc|ARM.Build.0 = Debug|Any CPU
		{39920505-67AE-4A6E-B7A0-46711072A574}.Ad-Hoc|ARM64.ActiveCfg = Debug|Any CPU
		{39920505-67AE-4A6E-B7A0-46711072A574}.Ad-Hoc|ARM64.Build.0 = Debug|Any CPU
		{39920505-67AE-4A6E-B7A0-46711072A574}.Ad-Hoc|iPhone.ActiveCfg = Debug|Any CPU
		{39920505-67AE-4A6E-B7A0-46711072A574}.Ad-Hoc|iPhone.Build.0 = Debug|Any CPU
		{39920505-67AE-4A6E-B7A0-46711072A574}.Ad-Hoc|iPhoneSimulator.ActiveCfg = Debug|Any CPU
		{39920505-67AE-4A6E-B7A0-46711072A574}.Ad-Hoc|iPhoneSimulator.Build.0 = Debug|Any CPU
		{39920505-67AE-4A6E-B7A0-46711072A574}.Ad-Hoc|x64.ActiveCfg = Debug|Any CPU
		{39920505-67AE-4A6E-B7A0-46711072A574}.Ad-Hoc|x64.Build.0 = Debug|Any CPU
		{39920505-67AE-4A6E-B7A0-46711072A574}.Ad-Hoc|x86.ActiveCfg = Debug|Any CPU
		{39920505-67AE-4A6E-B7A0-46711072A574}.Ad-Hoc|x86.Build.0 = Debug|Any CPU
		{39920505-67AE-4A6E-B7A0-46711072A574}.AppStore|Any CPU.ActiveCfg = Debug|Any CPU
		{39920505-67AE-4A6E-B7A0-46711072A574}.AppStore|Any CPU.Build.0 = Debug|Any CPU
		{39920505-67AE-4A6E-B7A0-46711072A574}.AppStore|ARM.ActiveCfg = Debug|Any CPU
		{39920505-67AE-4A6E-B7A0-46711072A574}.AppStore|ARM.Build.0 = Debug|Any CPU
		{39920505-67AE-4A6E-B7A0-46711072A574}.AppStore|ARM64.ActiveCfg = Debug|Any CPU
		{39920505-67AE-4A6E-B7A0-46711072A574}.AppStore|ARM64.Build.0 = Debug|Any CPU
		{39920505-67AE-4A6E-B7A0-46711072A574}.AppStore|iPhone.ActiveCfg = Debug|Any CPU
		{39920505-67AE-4A6E-B7A0-46711072A574}.AppStore|iPhone.Build.0 = Debug|Any CPU
		{39920505-67AE-4A6E-B7A0-46711072A574}.AppStore|iPhoneSimulator.ActiveCfg = Debug|Any CPU
		{39920505-67AE-4A6E-B7A0-46711072A574}.AppStore|iPhoneSimulator.Build.0 = Debug|Any CPU
		{39920505-67AE-4A6E-B7A0-46711072A574}.AppStore|x64.ActiveCfg = Debug|Any CPU
		{39920505-67AE-4A6E-B7A0-46711072A574}.AppStore|x64.Build.0 = Debug|Any CPU
		{39920505-67AE-4A6E-B7A0-46711072A574}.AppStore|x86.ActiveCfg = Debug|Any CPU
		{39920505-67AE-4A6E-B7A0-46711072A574}.AppStore|x86.Build.0 = Debug|Any CPU
		{39920505-67AE-4A6E-B7A0-46711072A574}.Debug|Any CPU.ActiveCfg = Debug|Any CPU
		{39920505-67AE-4A6E-B7A0-46711072A574}.Debug|Any CPU.Build.0 = Debug|Any CPU
		{39920505-67AE-4A6E-B7A0-46711072A574}.Debug|ARM.ActiveCfg = Debug|Any CPU
		{39920505-67AE-4A6E-B7A0-46711072A574}.Debug|ARM.Build.0 = Debug|Any CPU
		{39920505-67AE-4A6E-B7A0-46711072A574}.Debug|ARM64.ActiveCfg = Debug|Any CPU
		{39920505-67AE-4A6E-B7A0-46711072A574}.Debug|ARM64.Build.0 = Debug|Any CPU
		{39920505-67AE-4A6E-B7A0-46711072A574}.Debug|iPhone.ActiveCfg = Debug|Any CPU
		{39920505-67AE-4A6E-B7A0-46711072A574}.Debug|iPhone.Build.0 = Debug|Any CPU
		{39920505-67AE-4A6E-B7A0-46711072A574}.Debug|iPhoneSimulator.ActiveCfg = Debug|Any CPU
		{39920505-67AE-4A6E-B7A0-46711072A574}.Debug|iPhoneSimulator.Build.0 = Debug|Any CPU
		{39920505-67AE-4A6E-B7A0-46711072A574}.Debug|x64.ActiveCfg = Debug|Any CPU
		{39920505-67AE-4A6E-B7A0-46711072A574}.Debug|x64.Build.0 = Debug|Any CPU
		{39920505-67AE-4A6E-B7A0-46711072A574}.Debug|x86.ActiveCfg = Debug|Any CPU
		{39920505-67AE-4A6E-B7A0-46711072A574}.Debug|x86.Build.0 = Debug|Any CPU
		{39920505-67AE-4A6E-B7A0-46711072A574}.Release|Any CPU.ActiveCfg = Release|Any CPU
		{39920505-67AE-4A6E-B7A0-46711072A574}.Release|Any CPU.Build.0 = Release|Any CPU
		{39920505-67AE-4A6E-B7A0-46711072A574}.Release|ARM.ActiveCfg = Release|Any CPU
		{39920505-67AE-4A6E-B7A0-46711072A574}.Release|ARM.Build.0 = Release|Any CPU
		{39920505-67AE-4A6E-B7A0-46711072A574}.Release|ARM64.ActiveCfg = Release|Any CPU
		{39920505-67AE-4A6E-B7A0-46711072A574}.Release|ARM64.Build.0 = Release|Any CPU
		{39920505-67AE-4A6E-B7A0-46711072A574}.Release|iPhone.ActiveCfg = Release|Any CPU
		{39920505-67AE-4A6E-B7A0-46711072A574}.Release|iPhone.Build.0 = Release|Any CPU
		{39920505-67AE-4A6E-B7A0-46711072A574}.Release|iPhoneSimulator.ActiveCfg = Release|Any CPU
		{39920505-67AE-4A6E-B7A0-46711072A574}.Release|iPhoneSimulator.Build.0 = Release|Any CPU
		{39920505-67AE-4A6E-B7A0-46711072A574}.Release|x64.ActiveCfg = Release|Any CPU
		{39920505-67AE-4A6E-B7A0-46711072A574}.Release|x64.Build.0 = Release|Any CPU
		{39920505-67AE-4A6E-B7A0-46711072A574}.Release|x86.ActiveCfg = Release|Any CPU
		{39920505-67AE-4A6E-B7A0-46711072A574}.Release|x86.Build.0 = Release|Any CPU
	EndGlobalSection
	GlobalSection(SolutionProperties) = preSolution
		HideSolutionNode = FALSE
	EndGlobalSection
	GlobalSection(NestedProjects) = preSolution
		{46E1E734-BCD9-4FD2-B05D-C5B96A94CA5C} = {B63352B4-4FB0-4BD4-802F-3E40357EF5E0}
		{9DA9B925-87F4-4E7D-ADCE-71B18D56E1A8} = {B63352B4-4FB0-4BD4-802F-3E40357EF5E0}
		{4A4D051C-CB82-479B-829F-B28E15D4D267} = {B63352B4-4FB0-4BD4-802F-3E40357EF5E0}
		{DB1A77AA-DFDD-4F39-961C-BF34EFEC879E} = {B63352B4-4FB0-4BD4-802F-3E40357EF5E0}
		{6FACE219-5553-4942-919F-ADFCDFCED596} = {B63352B4-4FB0-4BD4-802F-3E40357EF5E0}
		{767B302E-8131-48AE-93CF-BF1E9751F38F} = {B63352B4-4FB0-4BD4-802F-3E40357EF5E0}
		{3E02C67A-6098-4E5A-98CF-6E2D0A8DEB52} = {B63352B4-4FB0-4BD4-802F-3E40357EF5E0}
		{3D928FB7-575E-4D2C-93E5-504631105CA8} = {B63352B4-4FB0-4BD4-802F-3E40357EF5E0}
		{7428822F-2460-4A77-939F-5A51B98E1103} = {B63352B4-4FB0-4BD4-802F-3E40357EF5E0}
		{39920505-67AE-4A6E-B7A0-46711072A574} = {B51EB49C-34F1-433A-9D2E-A2C6CF400C6D}
	EndGlobalSection
	GlobalSection(ExtensibilityGlobals) = postSolution
		SolutionGuid = {36B1F633-420B-4FDA-9A62-8872CEDBD340}
	EndGlobalSection
EndGlobal
